
Microsoft Visual Studio Solution File, Format Version 12.00
# Visual Studio Version 17
VisualStudioVersion = 17.1.32210.238
MinimumVisualStudioVersion = 10.0.40219.1
Project("{9A19103F-16F7-4668-BE54-9A1E7A4F7556}") = "SilverAudioPlayer.Shared", "SilverAudioPlayer.Shared\SilverAudioPlayer.Shared.csproj", "{27C3AB0D-6A16-4171-AA05-0673F38A4650}"
EndProject
Project("{9A19103F-16F7-4668-BE54-9A1E7A4F7556}") = "NAudio.Flac", "NAudio.Flac\NAudio.Flac.csproj", "{8E300BBC-DE83-49C4-B8A9-36CF71423E16}"
EndProject
Project("{9A19103F-16F7-4668-BE54-9A1E7A4F7556}") = "SilverAudioPlayer.Any.PlayProviderExtension.Naudio.Flac", "SilverAudioPlayer.Naudio.Flac\SilverAudioPlayer.Any.PlayProviderExtension.Naudio.Flac.csproj", "{86A77925-4230-41B9-B388-7D5336DA3395}"
EndProject
Project("{9A19103F-16F7-4668-BE54-9A1E7A4F7556}") = "SilverAudioPlayer.Any.MetadataSource.Z440AtlCore", "SilverAudioPlayer.MetadataSource.Z440AtlCore\SilverAudioPlayer.Any.MetadataSource.Z440AtlCore.csproj", "{F2421D96-C459-4F38-97ED-7185C51FD184}"
EndProject
Project("{9A19103F-16F7-4668-BE54-9A1E7A4F7556}") = "SilverAudioPlayer.Core", "SilverAudioPlayer.Core\SilverAudioPlayer.Core.csproj", "{481CFB9D-3220-49F3-90DA-3E201E1C36C8}"
EndProject
Project("{9A19103F-16F7-4668-BE54-9A1E7A4F7556}") = "SilverAudioPlayer.Any.PlayProvider.DryWetMidi", "SilverAudioPlayer.DryWetMidi\SilverAudioPlayer.Any.PlayProvider.DryWetMidi.csproj", "{F79F6739-CDB9-4CF8-8658-085053151C9F}"
EndProject
Project("{9A19103F-16F7-4668-BE54-9A1E7A4F7556}") = "SilverAudioPlayer.Windows.MusicStatusInterface.CAD", "SilverAudioPlayer.CAD\SilverAudioPlayer.Windows.MusicStatusInterface.CAD.csproj", "{7F0A00DD-CDB5-436D-85EE-84289E14F6A8}"
EndProject
Project("{9A19103F-16F7-4668-BE54-9A1E7A4F7556}") = "SilverMagicBytes", "SilverMagicBytes\SilverMagicBytes.csproj", "{6F0443B6-0319-4E98-B0C4-A8AEAAD7F31E}"
EndProject
Project("{9A19103F-16F7-4668-BE54-9A1E7A4F7556}") = "SilverAudioPlayer.Any.MusicStatusInterface.DiscordRP", "SilverAudioPlayer.DiscordRP\SilverAudioPlayer.Any.MusicStatusInterface.DiscordRP.csproj", "{C0A625DB-98BD-4CBC-91B7-076B0312E540}"
EndProject
Project("{9A19103F-16F7-4668-BE54-9A1E7A4F7556}") = "SilverAudioPlayer.Windows10.MusicStatusInterface.SMTC", "SilverAudioPlayer.SMTC\SilverAudioPlayer.Windows10.MusicStatusInterface.SMTC.csproj", "{61B29DC7-83D0-4E06-BEB7-8117BBACE920}"
EndProject
Project("{9A19103F-16F7-4668-BE54-9A1E7A4F7556}") = "SilverAudioPlayer.Avalonia", "SilverAudioPlayer.Avalonia\SilverAudioPlayer.Avalonia.csproj", "{2073084A-BDDE-4ED7-96BC-B0D257A75FA5}"
EndProject
Project("{2150E333-8FDC-42A3-9474-1A3956D46DE8}") = "UIs", "UIs", "{01C2EEE3-40C0-47CB-8CCC-65FB9CBE277F}"
EndProject
Project("{2150E333-8FDC-42A3-9474-1A3956D46DE8}") = "Libs", "Libs", "{8ACF8CAB-3134-4901-819A-CE883DD5D6D3}"
EndProject
Project("{2150E333-8FDC-42A3-9474-1A3956D46DE8}") = "PlayProviders", "PlayProviders", "{8C664489-419F-4B51-A8A8-1C36F3D9909C}"
EndProject
Project("{2150E333-8FDC-42A3-9474-1A3956D46DE8}") = "PPLibs", "PPLibs", "{0C596BB7-D172-4367-BA85-27F93C05AF86}"
EndProject
Project("{2150E333-8FDC-42A3-9474-1A3956D46DE8}") = "MetadataSources", "MetadataSources", "{DA365F63-3B6D-4763-890A-1A4785A0ABCB}"
EndProject
Project("{2150E333-8FDC-42A3-9474-1A3956D46DE8}") = "MusicStatusInferfaces", "MusicStatusInferfaces", "{F9B1187C-056E-4433-86E6-229F15A58D7D}"
EndProject
Project("{2150E333-8FDC-42A3-9474-1A3956D46DE8}") = "PPExt", "PPExt", "{69EE5B9E-C2CC-49C5-A36C-6E91DEC1E4F1}"
EndProject
Project("{9A19103F-16F7-4668-BE54-9A1E7A4F7556}") = "SilverAudioPlayer.Unix.PlayProviderExtension.Naudio.ASound", "SilverAudioPlayer.Unix.PlayProviderExtension.Naudio.ASound\SilverAudioPlayer.Unix.PlayProviderExtension.Naudio.ASound.csproj", "{500415A9-D923-4790-8988-235A4CF56C45}"
EndProject
Project("{2150E333-8FDC-42A3-9474-1A3956D46DE8}") = "PlayStreamProviders", "PlayStreamProviders", "{19B951F3-56FD-4DAC-BA15-3D54A84997ED}"
EndProject
Project("{9A19103F-16F7-4668-BE54-9A1E7A4F7556}") = "SilverAudioPlayer.Any.PlayStreamProvider.JellyFin", "SilverAudioPlayer.Any.PlayStreamProvider.JellyFin\SilverAudioPlayer.Any.PlayStreamProvider.JellyFin.csproj", "{47856220-406E-445C-BA7F-C8CBEE94B429}"
EndProject
Project("{2150E333-8FDC-42A3-9474-1A3956D46DE8}") = "Solution Items", "Solution Items", "{FEC4F4D4-8769-45D9-90CD-925495D7BE1B}"
	ProjectSection(SolutionItems) = preProject
		GUIBuild.bat = GUIBuild.bat
		SilverAudioPlayer.targets = SilverAudioPlayer.targets
	EndProjectSection
EndProject
Project("{9A19103F-16F7-4668-BE54-9A1E7A4F7556}") = "SilverAudioPlayer.Any.PlayProviderExtenison.Naudio.Vorbis", "SilverAudioPlayer.Any.PlayProviderExtenison.Naudio.Vorbis\SilverAudioPlayer.Any.PlayProviderExtenison.Naudio.Vorbis.csproj", "{CFD86110-0A31-4BAC-AB7B-A834897A81AE}"
EndProject
Project("{9A19103F-16F7-4668-BE54-9A1E7A4F7556}") = "SilverAudioPlayer.Windows.PlayProviderExtension.Naudio.MediaFoundation", "SilverAudioPlayer.Win.PlayProviderExtension.Naudio.MediaFoundation\SilverAudioPlayer.Windows.PlayProviderExtension.Naudio.MediaFoundation.csproj", "{645BCD1A-489C-46BE-A6EA-1A682ABE8EF0}"
EndProject
Project("{2150E333-8FDC-42A3-9474-1A3956D46DE8}") = "PlatformHelpers", "PlatformHelpers", "{3A4E128B-DB45-49D2-A3D8-51DC45A61C4F}"
EndProject
Project("{9A19103F-16F7-4668-BE54-9A1E7A4F7556}") = "SilverAudioPlayer.Windows.PlatformHelper.Win", "SilverAudioPlayer.Windows.PlatformHelper.Win10\SilverAudioPlayer.Windows.PlatformHelper.Win.csproj", "{4F98020D-AF39-4687-BF9C-4A95236F16EF}"
EndProject
Project("{9A19103F-16F7-4668-BE54-9A1E7A4F7556}") = "SilverAudioPlayer.Any.MetadataSource.DryWetMidi", "SilverAudioPlayer.Any.MetadataSource.DryWetMidi\SilverAudioPlayer.Any.MetadataSource.DryWetMidi.csproj", "{73E079E2-251D-46AC-B7E4-3499B10397D1}"
EndProject
Project("{9A19103F-16F7-4668-BE54-9A1E7A4F7556}") = "SilverAudioPlayerBuilder", "SilverAudioPlayerBuilder\SilverAudioPlayerBuilder.csproj", "{CFBFCEB6-D5EB-47B9-9DE2-B8D794320B7B}"
EndProject
Project("{9A19103F-16F7-4668-BE54-9A1E7A4F7556}") = "SilverAudioPlayer.WPF", "SilverAudioPlayer.WPF\SilverAudioPlayer.WPF.csproj", "{1B540FF4-2881-4D59-9473-70B31E3D72AF}"
EndProject
Project("{9A19103F-16F7-4668-BE54-9A1E7A4F7556}") = "SilverAudioPlayer.Any.MemoryProvider.SilverConfigMemoryProvider", "SilverAudioPlayer.Any.MemoryProvider.SilverConfigMemoryProvider\SilverAudioPlayer.Any.MemoryProvider.SilverConfigMemoryProvider.csproj", "{2AA65A54-969E-4277-AD8B-7A89104DE7E0}"
EndProject
Project("{2150E333-8FDC-42A3-9474-1A3956D46DE8}") = "MemoryProviders", "MemoryProviders", "{340B55A0-8AA9-4CD0-8345-2F307DED4DA1}"
EndProject
Project("{9A19103F-16F7-4668-BE54-9A1E7A4F7556}") = "SilverAudioPlayer.Linux.MPRIS", "SilverAudioPlayer.Linux.MPRIS\SilverAudioPlayer.Linux.MPRIS.csproj", "{D05583D8-1CA0-4A21-9ACB-34B39D79BD11}"
EndProject
Project("{9A19103F-16F7-4668-BE54-9A1E7A4F7556}") = "SilverAudioPlayer.Any.PlayProvider.ChromeCast", "SilverAudioPlayer.Any.PlayProvider.ChromeCast\SilverAudioPlayer.Any.PlayProvider.ChromeCast.csproj", "{3CB2D488-3820-493F-B5EE-4FE261CFA170}"
EndProject
Project("{9A19103F-16F7-4668-BE54-9A1E7A4F7556}") = "SilverAudioPlayer.Windows.PlayProvider.NAudio", "SilverAudioPlayer.NAudio\SilverAudioPlayer.Windows.PlayProvider.NAudio.csproj", "{01F909CB-4EC3-4F7B-9926-C563765F3A4B}"
EndProject
Project("{9A19103F-16F7-4668-BE54-9A1E7A4F7556}") = "SilverAudioPlayer.Any.PlayProvider.libVLC", "SilverAudioPlayer.Any.PlayProvider.libVLC\SilverAudioPlayer.Any.PlayProvider.libVLC.csproj", "{BB5CBBE8-25C2-4510-8116-6737D25155BD}"
EndProject
Project("{9A19103F-16F7-4668-BE54-9A1E7A4F7556}") = "SilverAudioPlayer.Any.PlayStreamProvider.VideoLib", "SilverAudioPlayer.Any.PlayStreamProvider.VideoLib\SilverAudioPlayer.Any.PlayStreamProvider.VideoLib.csproj", "{2EA1DED2-16FA-40CD-B220-C982AA2C251E}"
EndProject
Project("{9A19103F-16F7-4668-BE54-9A1E7A4F7556}") = "SilverAudioPlayer.Linux.Sync", "SilverAudioPlayer.Linux.Sync\SilverAudioPlayer.Linux.Sync.csproj", "{FE479F6E-F967-4713-AC36-9DC9A5E0A186}"
EndProject
Project("{2150E333-8FDC-42A3-9474-1A3956D46DE8}") = "Sync", "Sync", "{66C83E1E-DA8E-4470-AD8C-E7F79816FC44}"
EndProject
Project("{9A19103F-16F7-4668-BE54-9A1E7A4F7556}") = "SilverAudioPlayer.Any.PlayStreamProvider.LocalLibrary", "SilverAudioPlayer.Any.PlayStreamProvider.LocalLibrary\SilverAudioPlayer.Any.PlayStreamProvider.LocalLibrary.csproj", "{7171C7ED-EF48-4700-8F07-FE3CC2C44E7F}"
EndProject
Project("{FAE04EC0-301F-11D3-BF4B-00C04F79EFBC}") = "SilverAudioPlayer.Windows.MusicStatusInterface.FortniteCarRadio", "SilverAudioPlayer.Windows.MusicStatusInterface.FortniteCarRadio\SilverAudioPlayer.Windows.MusicStatusInterface.FortniteCarRadio.csproj", "{41984572-D6E8-4FDC-BFBB-21331C5A615B}"
EndProject
Global
	GlobalSection(SolutionConfigurationPlatforms) = preSolution
		Debug|Any CPU = Debug|Any CPU
		Debug|arm64 = Debug|arm64
		Debug|x64 = Debug|x64
		Debug|x86 = Debug|x86
		Release|Any CPU = Release|Any CPU
		Release|arm64 = Release|arm64
		Release|x64 = Release|x64
		Release|x86 = Release|x86
	EndGlobalSection
	GlobalSection(ProjectConfigurationPlatforms) = postSolution
		{27C3AB0D-6A16-4171-AA05-0673F38A4650}.Debug|Any CPU.ActiveCfg = Debug|Any CPU
		{27C3AB0D-6A16-4171-AA05-0673F38A4650}.Debug|Any CPU.Build.0 = Debug|Any CPU
		{27C3AB0D-6A16-4171-AA05-0673F38A4650}.Debug|arm64.ActiveCfg = Debug|Any CPU
		{27C3AB0D-6A16-4171-AA05-0673F38A4650}.Debug|arm64.Build.0 = Debug|Any CPU
		{27C3AB0D-6A16-4171-AA05-0673F38A4650}.Debug|x64.ActiveCfg = Debug|Any CPU
		{27C3AB0D-6A16-4171-AA05-0673F38A4650}.Debug|x64.Build.0 = Debug|Any CPU
		{27C3AB0D-6A16-4171-AA05-0673F38A4650}.Debug|x86.ActiveCfg = Debug|Any CPU
		{27C3AB0D-6A16-4171-AA05-0673F38A4650}.Debug|x86.Build.0 = Debug|Any CPU
		{27C3AB0D-6A16-4171-AA05-0673F38A4650}.Release|Any CPU.ActiveCfg = Release|Any CPU
		{27C3AB0D-6A16-4171-AA05-0673F38A4650}.Release|Any CPU.Build.0 = Release|Any CPU
		{27C3AB0D-6A16-4171-AA05-0673F38A4650}.Release|arm64.ActiveCfg = Release|Any CPU
		{27C3AB0D-6A16-4171-AA05-0673F38A4650}.Release|arm64.Build.0 = Release|Any CPU
		{27C3AB0D-6A16-4171-AA05-0673F38A4650}.Release|x64.ActiveCfg = Release|Any CPU
		{27C3AB0D-6A16-4171-AA05-0673F38A4650}.Release|x64.Build.0 = Release|Any CPU
		{27C3AB0D-6A16-4171-AA05-0673F38A4650}.Release|x86.ActiveCfg = Release|Any CPU
		{27C3AB0D-6A16-4171-AA05-0673F38A4650}.Release|x86.Build.0 = Release|Any CPU
		{8E300BBC-DE83-49C4-B8A9-36CF71423E16}.Debug|Any CPU.ActiveCfg = Debug|Any CPU
		{8E300BBC-DE83-49C4-B8A9-36CF71423E16}.Debug|Any CPU.Build.0 = Debug|Any CPU
		{8E300BBC-DE83-49C4-B8A9-36CF71423E16}.Debug|arm64.ActiveCfg = Debug|Any CPU
		{8E300BBC-DE83-49C4-B8A9-36CF71423E16}.Debug|arm64.Build.0 = Debug|Any CPU
		{8E300BBC-DE83-49C4-B8A9-36CF71423E16}.Debug|x64.ActiveCfg = Debug|Any CPU
		{8E300BBC-DE83-49C4-B8A9-36CF71423E16}.Debug|x64.Build.0 = Debug|Any CPU
		{8E300BBC-DE83-49C4-B8A9-36CF71423E16}.Debug|x86.ActiveCfg = Debug|Any CPU
		{8E300BBC-DE83-49C4-B8A9-36CF71423E16}.Debug|x86.Build.0 = Debug|Any CPU
		{8E300BBC-DE83-49C4-B8A9-36CF71423E16}.Release|Any CPU.ActiveCfg = Release|Any CPU
		{8E300BBC-DE83-49C4-B8A9-36CF71423E16}.Release|Any CPU.Build.0 = Release|Any CPU
		{8E300BBC-DE83-49C4-B8A9-36CF71423E16}.Release|arm64.ActiveCfg = Release|Any CPU
		{8E300BBC-DE83-49C4-B8A9-36CF71423E16}.Release|arm64.Build.0 = Release|Any CPU
		{8E300BBC-DE83-49C4-B8A9-36CF71423E16}.Release|x64.ActiveCfg = Release|Any CPU
		{8E300BBC-DE83-49C4-B8A9-36CF71423E16}.Release|x64.Build.0 = Release|Any CPU
		{8E300BBC-DE83-49C4-B8A9-36CF71423E16}.Release|x86.ActiveCfg = Release|Any CPU
		{8E300BBC-DE83-49C4-B8A9-36CF71423E16}.Release|x86.Build.0 = Release|Any CPU
		{86A77925-4230-41B9-B388-7D5336DA3395}.Debug|Any CPU.ActiveCfg = Debug|Any CPU
		{86A77925-4230-41B9-B388-7D5336DA3395}.Debug|Any CPU.Build.0 = Debug|Any CPU
		{86A77925-4230-41B9-B388-7D5336DA3395}.Debug|arm64.ActiveCfg = Debug|Any CPU
		{86A77925-4230-41B9-B388-7D5336DA3395}.Debug|arm64.Build.0 = Debug|Any CPU
		{86A77925-4230-41B9-B388-7D5336DA3395}.Debug|x64.ActiveCfg = Debug|Any CPU
		{86A77925-4230-41B9-B388-7D5336DA3395}.Debug|x64.Build.0 = Debug|Any CPU
		{86A77925-4230-41B9-B388-7D5336DA3395}.Debug|x86.ActiveCfg = Debug|Any CPU
		{86A77925-4230-41B9-B388-7D5336DA3395}.Debug|x86.Build.0 = Debug|Any CPU
		{86A77925-4230-41B9-B388-7D5336DA3395}.Release|Any CPU.ActiveCfg = Release|Any CPU
		{86A77925-4230-41B9-B388-7D5336DA3395}.Release|Any CPU.Build.0 = Release|Any CPU
		{86A77925-4230-41B9-B388-7D5336DA3395}.Release|arm64.ActiveCfg = Release|Any CPU
		{86A77925-4230-41B9-B388-7D5336DA3395}.Release|arm64.Build.0 = Release|Any CPU
		{86A77925-4230-41B9-B388-7D5336DA3395}.Release|x64.ActiveCfg = Release|Any CPU
		{86A77925-4230-41B9-B388-7D5336DA3395}.Release|x64.Build.0 = Release|Any CPU
		{86A77925-4230-41B9-B388-7D5336DA3395}.Release|x86.ActiveCfg = Release|Any CPU
		{86A77925-4230-41B9-B388-7D5336DA3395}.Release|x86.Build.0 = Release|Any CPU
		{F2421D96-C459-4F38-97ED-7185C51FD184}.Debug|Any CPU.ActiveCfg = Debug|Any CPU
		{F2421D96-C459-4F38-97ED-7185C51FD184}.Debug|Any CPU.Build.0 = Debug|Any CPU
		{F2421D96-C459-4F38-97ED-7185C51FD184}.Debug|arm64.ActiveCfg = Debug|Any CPU
		{F2421D96-C459-4F38-97ED-7185C51FD184}.Debug|arm64.Build.0 = Debug|Any CPU
		{F2421D96-C459-4F38-97ED-7185C51FD184}.Debug|x64.ActiveCfg = Debug|Any CPU
		{F2421D96-C459-4F38-97ED-7185C51FD184}.Debug|x64.Build.0 = Debug|Any CPU
		{F2421D96-C459-4F38-97ED-7185C51FD184}.Debug|x86.ActiveCfg = Debug|Any CPU
		{F2421D96-C459-4F38-97ED-7185C51FD184}.Debug|x86.Build.0 = Debug|Any CPU
		{F2421D96-C459-4F38-97ED-7185C51FD184}.Release|Any CPU.ActiveCfg = Release|Any CPU
		{F2421D96-C459-4F38-97ED-7185C51FD184}.Release|Any CPU.Build.0 = Release|Any CPU
		{F2421D96-C459-4F38-97ED-7185C51FD184}.Release|arm64.ActiveCfg = Release|Any CPU
		{F2421D96-C459-4F38-97ED-7185C51FD184}.Release|arm64.Build.0 = Release|Any CPU
		{F2421D96-C459-4F38-97ED-7185C51FD184}.Release|x64.ActiveCfg = Release|Any CPU
		{F2421D96-C459-4F38-97ED-7185C51FD184}.Release|x64.Build.0 = Release|Any CPU
		{F2421D96-C459-4F38-97ED-7185C51FD184}.Release|x86.ActiveCfg = Release|Any CPU
		{F2421D96-C459-4F38-97ED-7185C51FD184}.Release|x86.Build.0 = Release|Any CPU
		{481CFB9D-3220-49F3-90DA-3E201E1C36C8}.Debug|Any CPU.ActiveCfg = Debug|Any CPU
		{481CFB9D-3220-49F3-90DA-3E201E1C36C8}.Debug|Any CPU.Build.0 = Debug|Any CPU
		{481CFB9D-3220-49F3-90DA-3E201E1C36C8}.Debug|arm64.ActiveCfg = Debug|Any CPU
		{481CFB9D-3220-49F3-90DA-3E201E1C36C8}.Debug|arm64.Build.0 = Debug|Any CPU
		{481CFB9D-3220-49F3-90DA-3E201E1C36C8}.Debug|x64.ActiveCfg = Debug|Any CPU
		{481CFB9D-3220-49F3-90DA-3E201E1C36C8}.Debug|x64.Build.0 = Debug|Any CPU
		{481CFB9D-3220-49F3-90DA-3E201E1C36C8}.Debug|x86.ActiveCfg = Debug|Any CPU
		{481CFB9D-3220-49F3-90DA-3E201E1C36C8}.Debug|x86.Build.0 = Debug|Any CPU
		{481CFB9D-3220-49F3-90DA-3E201E1C36C8}.Release|Any CPU.ActiveCfg = Release|Any CPU
		{481CFB9D-3220-49F3-90DA-3E201E1C36C8}.Release|Any CPU.Build.0 = Release|Any CPU
		{481CFB9D-3220-49F3-90DA-3E201E1C36C8}.Release|arm64.ActiveCfg = Release|Any CPU
		{481CFB9D-3220-49F3-90DA-3E201E1C36C8}.Release|arm64.Build.0 = Release|Any CPU
		{481CFB9D-3220-49F3-90DA-3E201E1C36C8}.Release|x64.ActiveCfg = Release|Any CPU
		{481CFB9D-3220-49F3-90DA-3E201E1C36C8}.Release|x64.Build.0 = Release|Any CPU
		{481CFB9D-3220-49F3-90DA-3E201E1C36C8}.Release|x86.ActiveCfg = Release|Any CPU
		{481CFB9D-3220-49F3-90DA-3E201E1C36C8}.Release|x86.Build.0 = Release|Any CPU
		{F79F6739-CDB9-4CF8-8658-085053151C9F}.Debug|Any CPU.ActiveCfg = Debug|Any CPU
		{F79F6739-CDB9-4CF8-8658-085053151C9F}.Debug|Any CPU.Build.0 = Debug|Any CPU
		{F79F6739-CDB9-4CF8-8658-085053151C9F}.Debug|arm64.ActiveCfg = Debug|Any CPU
		{F79F6739-CDB9-4CF8-8658-085053151C9F}.Debug|arm64.Build.0 = Debug|Any CPU
		{F79F6739-CDB9-4CF8-8658-085053151C9F}.Debug|x64.ActiveCfg = Debug|Any CPU
		{F79F6739-CDB9-4CF8-8658-085053151C9F}.Debug|x64.Build.0 = Debug|Any CPU
		{F79F6739-CDB9-4CF8-8658-085053151C9F}.Debug|x86.ActiveCfg = Debug|Any CPU
		{F79F6739-CDB9-4CF8-8658-085053151C9F}.Debug|x86.Build.0 = Debug|Any CPU
		{F79F6739-CDB9-4CF8-8658-085053151C9F}.Release|Any CPU.ActiveCfg = Release|Any CPU
		{F79F6739-CDB9-4CF8-8658-085053151C9F}.Release|Any CPU.Build.0 = Release|Any CPU
		{F79F6739-CDB9-4CF8-8658-085053151C9F}.Release|arm64.ActiveCfg = Release|Any CPU
		{F79F6739-CDB9-4CF8-8658-085053151C9F}.Release|arm64.Build.0 = Release|Any CPU
		{F79F6739-CDB9-4CF8-8658-085053151C9F}.Release|x64.ActiveCfg = Release|Any CPU
		{F79F6739-CDB9-4CF8-8658-085053151C9F}.Release|x64.Build.0 = Release|Any CPU
		{F79F6739-CDB9-4CF8-8658-085053151C9F}.Release|x86.ActiveCfg = Release|Any CPU
		{F79F6739-CDB9-4CF8-8658-085053151C9F}.Release|x86.Build.0 = Release|Any CPU
		{7F0A00DD-CDB5-436D-85EE-84289E14F6A8}.Debug|Any CPU.ActiveCfg = Debug|Any CPU
		{7F0A00DD-CDB5-436D-85EE-84289E14F6A8}.Debug|Any CPU.Build.0 = Debug|Any CPU
		{7F0A00DD-CDB5-436D-85EE-84289E14F6A8}.Debug|arm64.ActiveCfg = Debug|Any CPU
		{7F0A00DD-CDB5-436D-85EE-84289E14F6A8}.Debug|arm64.Build.0 = Debug|Any CPU
		{7F0A00DD-CDB5-436D-85EE-84289E14F6A8}.Debug|x64.ActiveCfg = Debug|Any CPU
		{7F0A00DD-CDB5-436D-85EE-84289E14F6A8}.Debug|x64.Build.0 = Debug|Any CPU
		{7F0A00DD-CDB5-436D-85EE-84289E14F6A8}.Debug|x86.ActiveCfg = Debug|Any CPU
		{7F0A00DD-CDB5-436D-85EE-84289E14F6A8}.Debug|x86.Build.0 = Debug|Any CPU
		{7F0A00DD-CDB5-436D-85EE-84289E14F6A8}.Release|Any CPU.ActiveCfg = Release|Any CPU
		{7F0A00DD-CDB5-436D-85EE-84289E14F6A8}.Release|Any CPU.Build.0 = Release|Any CPU
		{7F0A00DD-CDB5-436D-85EE-84289E14F6A8}.Release|arm64.ActiveCfg = Release|Any CPU
		{7F0A00DD-CDB5-436D-85EE-84289E14F6A8}.Release|arm64.Build.0 = Release|Any CPU
		{7F0A00DD-CDB5-436D-85EE-84289E14F6A8}.Release|x64.ActiveCfg = Release|Any CPU
		{7F0A00DD-CDB5-436D-85EE-84289E14F6A8}.Release|x64.Build.0 = Release|Any CPU
		{7F0A00DD-CDB5-436D-85EE-84289E14F6A8}.Release|x86.ActiveCfg = Release|Any CPU
		{7F0A00DD-CDB5-436D-85EE-84289E14F6A8}.Release|x86.Build.0 = Release|Any CPU
		{6F0443B6-0319-4E98-B0C4-A8AEAAD7F31E}.Debug|Any CPU.ActiveCfg = Debug|Any CPU
		{6F0443B6-0319-4E98-B0C4-A8AEAAD7F31E}.Debug|Any CPU.Build.0 = Debug|Any CPU
		{6F0443B6-0319-4E98-B0C4-A8AEAAD7F31E}.Debug|arm64.ActiveCfg = Debug|Any CPU
		{6F0443B6-0319-4E98-B0C4-A8AEAAD7F31E}.Debug|arm64.Build.0 = Debug|Any CPU
		{6F0443B6-0319-4E98-B0C4-A8AEAAD7F31E}.Debug|x64.ActiveCfg = Debug|Any CPU
		{6F0443B6-0319-4E98-B0C4-A8AEAAD7F31E}.Debug|x64.Build.0 = Debug|Any CPU
		{6F0443B6-0319-4E98-B0C4-A8AEAAD7F31E}.Debug|x86.ActiveCfg = Debug|Any CPU
		{6F0443B6-0319-4E98-B0C4-A8AEAAD7F31E}.Debug|x86.Build.0 = Debug|Any CPU
		{6F0443B6-0319-4E98-B0C4-A8AEAAD7F31E}.Release|Any CPU.ActiveCfg = Release|Any CPU
		{6F0443B6-0319-4E98-B0C4-A8AEAAD7F31E}.Release|Any CPU.Build.0 = Release|Any CPU
		{6F0443B6-0319-4E98-B0C4-A8AEAAD7F31E}.Release|arm64.ActiveCfg = Release|Any CPU
		{6F0443B6-0319-4E98-B0C4-A8AEAAD7F31E}.Release|arm64.Build.0 = Release|Any CPU
		{6F0443B6-0319-4E98-B0C4-A8AEAAD7F31E}.Release|x64.ActiveCfg = Release|Any CPU
		{6F0443B6-0319-4E98-B0C4-A8AEAAD7F31E}.Release|x64.Build.0 = Release|Any CPU
		{6F0443B6-0319-4E98-B0C4-A8AEAAD7F31E}.Release|x86.ActiveCfg = Release|Any CPU
		{6F0443B6-0319-4E98-B0C4-A8AEAAD7F31E}.Release|x86.Build.0 = Release|Any CPU
		{C0A625DB-98BD-4CBC-91B7-076B0312E540}.Debug|Any CPU.ActiveCfg = Debug|Any CPU
		{C0A625DB-98BD-4CBC-91B7-076B0312E540}.Debug|Any CPU.Build.0 = Debug|Any CPU
		{C0A625DB-98BD-4CBC-91B7-076B0312E540}.Debug|arm64.ActiveCfg = Debug|Any CPU
		{C0A625DB-98BD-4CBC-91B7-076B0312E540}.Debug|arm64.Build.0 = Debug|Any CPU
		{C0A625DB-98BD-4CBC-91B7-076B0312E540}.Debug|x64.ActiveCfg = Debug|Any CPU
		{C0A625DB-98BD-4CBC-91B7-076B0312E540}.Debug|x64.Build.0 = Debug|Any CPU
		{C0A625DB-98BD-4CBC-91B7-076B0312E540}.Debug|x86.ActiveCfg = Debug|Any CPU
		{C0A625DB-98BD-4CBC-91B7-076B0312E540}.Debug|x86.Build.0 = Debug|Any CPU
		{C0A625DB-98BD-4CBC-91B7-076B0312E540}.Release|Any CPU.ActiveCfg = Release|Any CPU
		{C0A625DB-98BD-4CBC-91B7-076B0312E540}.Release|Any CPU.Build.0 = Release|Any CPU
		{C0A625DB-98BD-4CBC-91B7-076B0312E540}.Release|arm64.ActiveCfg = Release|Any CPU
		{C0A625DB-98BD-4CBC-91B7-076B0312E540}.Release|arm64.Build.0 = Release|Any CPU
		{C0A625DB-98BD-4CBC-91B7-076B0312E540}.Release|x64.ActiveCfg = Release|Any CPU
		{C0A625DB-98BD-4CBC-91B7-076B0312E540}.Release|x64.Build.0 = Release|Any CPU
		{C0A625DB-98BD-4CBC-91B7-076B0312E540}.Release|x86.ActiveCfg = Release|Any CPU
		{C0A625DB-98BD-4CBC-91B7-076B0312E540}.Release|x86.Build.0 = Release|Any CPU
		{61B29DC7-83D0-4E06-BEB7-8117BBACE920}.Debug|Any CPU.ActiveCfg = Debug|Any CPU
		{61B29DC7-83D0-4E06-BEB7-8117BBACE920}.Debug|Any CPU.Build.0 = Debug|Any CPU
		{61B29DC7-83D0-4E06-BEB7-8117BBACE920}.Debug|arm64.ActiveCfg = Debug|Any CPU
		{61B29DC7-83D0-4E06-BEB7-8117BBACE920}.Debug|arm64.Build.0 = Debug|Any CPU
		{61B29DC7-83D0-4E06-BEB7-8117BBACE920}.Debug|x64.ActiveCfg = Debug|Any CPU
		{61B29DC7-83D0-4E06-BEB7-8117BBACE920}.Debug|x64.Build.0 = Debug|Any CPU
		{61B29DC7-83D0-4E06-BEB7-8117BBACE920}.Debug|x86.ActiveCfg = Debug|Any CPU
		{61B29DC7-83D0-4E06-BEB7-8117BBACE920}.Debug|x86.Build.0 = Debug|Any CPU
		{61B29DC7-83D0-4E06-BEB7-8117BBACE920}.Release|Any CPU.ActiveCfg = Release|Any CPU
		{61B29DC7-83D0-4E06-BEB7-8117BBACE920}.Release|Any CPU.Build.0 = Release|Any CPU
		{61B29DC7-83D0-4E06-BEB7-8117BBACE920}.Release|arm64.ActiveCfg = Release|Any CPU
		{61B29DC7-83D0-4E06-BEB7-8117BBACE920}.Release|arm64.Build.0 = Release|Any CPU
		{61B29DC7-83D0-4E06-BEB7-8117BBACE920}.Release|x64.ActiveCfg = Release|Any CPU
		{61B29DC7-83D0-4E06-BEB7-8117BBACE920}.Release|x64.Build.0 = Release|Any CPU
		{61B29DC7-83D0-4E06-BEB7-8117BBACE920}.Release|x86.ActiveCfg = Release|Any CPU
		{61B29DC7-83D0-4E06-BEB7-8117BBACE920}.Release|x86.Build.0 = Release|Any CPU
		{2073084A-BDDE-4ED7-96BC-B0D257A75FA5}.Debug|Any CPU.ActiveCfg = Debug|Any CPU
		{2073084A-BDDE-4ED7-96BC-B0D257A75FA5}.Debug|Any CPU.Build.0 = Debug|Any CPU
		{2073084A-BDDE-4ED7-96BC-B0D257A75FA5}.Debug|arm64.ActiveCfg = Debug|Any CPU
		{2073084A-BDDE-4ED7-96BC-B0D257A75FA5}.Debug|arm64.Build.0 = Debug|Any CPU
		{2073084A-BDDE-4ED7-96BC-B0D257A75FA5}.Debug|x64.ActiveCfg = Debug|Any CPU
		{2073084A-BDDE-4ED7-96BC-B0D257A75FA5}.Debug|x64.Build.0 = Debug|Any CPU
		{2073084A-BDDE-4ED7-96BC-B0D257A75FA5}.Debug|x86.ActiveCfg = Debug|Any CPU
		{2073084A-BDDE-4ED7-96BC-B0D257A75FA5}.Debug|x86.Build.0 = Debug|Any CPU
		{2073084A-BDDE-4ED7-96BC-B0D257A75FA5}.Release|Any CPU.ActiveCfg = Release|Any CPU
		{2073084A-BDDE-4ED7-96BC-B0D257A75FA5}.Release|Any CPU.Build.0 = Release|Any CPU
		{2073084A-BDDE-4ED7-96BC-B0D257A75FA5}.Release|arm64.ActiveCfg = Release|Any CPU
		{2073084A-BDDE-4ED7-96BC-B0D257A75FA5}.Release|arm64.Build.0 = Release|Any CPU
		{2073084A-BDDE-4ED7-96BC-B0D257A75FA5}.Release|x64.ActiveCfg = Release|Any CPU
		{2073084A-BDDE-4ED7-96BC-B0D257A75FA5}.Release|x64.Build.0 = Release|Any CPU
		{2073084A-BDDE-4ED7-96BC-B0D257A75FA5}.Release|x86.ActiveCfg = Release|Any CPU
		{2073084A-BDDE-4ED7-96BC-B0D257A75FA5}.Release|x86.Build.0 = Release|Any CPU
		{500415A9-D923-4790-8988-235A4CF56C45}.Debug|Any CPU.ActiveCfg = Debug|Any CPU
		{500415A9-D923-4790-8988-235A4CF56C45}.Debug|Any CPU.Build.0 = Debug|Any CPU
		{500415A9-D923-4790-8988-235A4CF56C45}.Debug|arm64.ActiveCfg = Debug|Any CPU
		{500415A9-D923-4790-8988-235A4CF56C45}.Debug|arm64.Build.0 = Debug|Any CPU
		{500415A9-D923-4790-8988-235A4CF56C45}.Debug|x64.ActiveCfg = Debug|Any CPU
		{500415A9-D923-4790-8988-235A4CF56C45}.Debug|x64.Build.0 = Debug|Any CPU
		{500415A9-D923-4790-8988-235A4CF56C45}.Debug|x86.ActiveCfg = Debug|Any CPU
		{500415A9-D923-4790-8988-235A4CF56C45}.Debug|x86.Build.0 = Debug|Any CPU
		{500415A9-D923-4790-8988-235A4CF56C45}.Release|Any CPU.ActiveCfg = Release|Any CPU
		{500415A9-D923-4790-8988-235A4CF56C45}.Release|Any CPU.Build.0 = Release|Any CPU
		{500415A9-D923-4790-8988-235A4CF56C45}.Release|arm64.ActiveCfg = Release|Any CPU
		{500415A9-D923-4790-8988-235A4CF56C45}.Release|arm64.Build.0 = Release|Any CPU
		{500415A9-D923-4790-8988-235A4CF56C45}.Release|x64.ActiveCfg = Release|Any CPU
		{500415A9-D923-4790-8988-235A4CF56C45}.Release|x64.Build.0 = Release|Any CPU
		{500415A9-D923-4790-8988-235A4CF56C45}.Release|x86.ActiveCfg = Release|Any CPU
		{500415A9-D923-4790-8988-235A4CF56C45}.Release|x86.Build.0 = Release|Any CPU
		{47856220-406E-445C-BA7F-C8CBEE94B429}.Debug|Any CPU.ActiveCfg = Debug|Any CPU
		{47856220-406E-445C-BA7F-C8CBEE94B429}.Debug|Any CPU.Build.0 = Debug|Any CPU
		{47856220-406E-445C-BA7F-C8CBEE94B429}.Debug|arm64.ActiveCfg = Debug|Any CPU
		{47856220-406E-445C-BA7F-C8CBEE94B429}.Debug|arm64.Build.0 = Debug|Any CPU
		{47856220-406E-445C-BA7F-C8CBEE94B429}.Debug|x64.ActiveCfg = Debug|Any CPU
		{47856220-406E-445C-BA7F-C8CBEE94B429}.Debug|x64.Build.0 = Debug|Any CPU
		{47856220-406E-445C-BA7F-C8CBEE94B429}.Debug|x86.ActiveCfg = Debug|Any CPU
		{47856220-406E-445C-BA7F-C8CBEE94B429}.Debug|x86.Build.0 = Debug|Any CPU
		{47856220-406E-445C-BA7F-C8CBEE94B429}.Release|Any CPU.ActiveCfg = Release|Any CPU
		{47856220-406E-445C-BA7F-C8CBEE94B429}.Release|Any CPU.Build.0 = Release|Any CPU
		{47856220-406E-445C-BA7F-C8CBEE94B429}.Release|arm64.ActiveCfg = Release|Any CPU
		{47856220-406E-445C-BA7F-C8CBEE94B429}.Release|arm64.Build.0 = Release|Any CPU
		{47856220-406E-445C-BA7F-C8CBEE94B429}.Release|x64.ActiveCfg = Release|Any CPU
		{47856220-406E-445C-BA7F-C8CBEE94B429}.Release|x64.Build.0 = Release|Any CPU
		{47856220-406E-445C-BA7F-C8CBEE94B429}.Release|x86.ActiveCfg = Release|Any CPU
		{47856220-406E-445C-BA7F-C8CBEE94B429}.Release|x86.Build.0 = Release|Any CPU
		{CFD86110-0A31-4BAC-AB7B-A834897A81AE}.Debug|Any CPU.ActiveCfg = Debug|Any CPU
		{CFD86110-0A31-4BAC-AB7B-A834897A81AE}.Debug|Any CPU.Build.0 = Debug|Any CPU
		{CFD86110-0A31-4BAC-AB7B-A834897A81AE}.Debug|arm64.ActiveCfg = Debug|Any CPU
		{CFD86110-0A31-4BAC-AB7B-A834897A81AE}.Debug|arm64.Build.0 = Debug|Any CPU
		{CFD86110-0A31-4BAC-AB7B-A834897A81AE}.Debug|x64.ActiveCfg = Debug|Any CPU
		{CFD86110-0A31-4BAC-AB7B-A834897A81AE}.Debug|x64.Build.0 = Debug|Any CPU
		{CFD86110-0A31-4BAC-AB7B-A834897A81AE}.Debug|x86.ActiveCfg = Debug|Any CPU
		{CFD86110-0A31-4BAC-AB7B-A834897A81AE}.Debug|x86.Build.0 = Debug|Any CPU
		{CFD86110-0A31-4BAC-AB7B-A834897A81AE}.Release|Any CPU.ActiveCfg = Release|Any CPU
		{CFD86110-0A31-4BAC-AB7B-A834897A81AE}.Release|Any CPU.Build.0 = Release|Any CPU
		{CFD86110-0A31-4BAC-AB7B-A834897A81AE}.Release|arm64.ActiveCfg = Release|Any CPU
		{CFD86110-0A31-4BAC-AB7B-A834897A81AE}.Release|arm64.Build.0 = Release|Any CPU
		{CFD86110-0A31-4BAC-AB7B-A834897A81AE}.Release|x64.ActiveCfg = Release|Any CPU
		{CFD86110-0A31-4BAC-AB7B-A834897A81AE}.Release|x64.Build.0 = Release|Any CPU
		{CFD86110-0A31-4BAC-AB7B-A834897A81AE}.Release|x86.ActiveCfg = Release|Any CPU
		{CFD86110-0A31-4BAC-AB7B-A834897A81AE}.Release|x86.Build.0 = Release|Any CPU
		{645BCD1A-489C-46BE-A6EA-1A682ABE8EF0}.Debug|Any CPU.ActiveCfg = Debug|Any CPU
		{645BCD1A-489C-46BE-A6EA-1A682ABE8EF0}.Debug|Any CPU.Build.0 = Debug|Any CPU
		{645BCD1A-489C-46BE-A6EA-1A682ABE8EF0}.Debug|arm64.ActiveCfg = Debug|Any CPU
		{645BCD1A-489C-46BE-A6EA-1A682ABE8EF0}.Debug|arm64.Build.0 = Debug|Any CPU
		{645BCD1A-489C-46BE-A6EA-1A682ABE8EF0}.Debug|x64.ActiveCfg = Debug|Any CPU
		{645BCD1A-489C-46BE-A6EA-1A682ABE8EF0}.Debug|x64.Build.0 = Debug|Any CPU
		{645BCD1A-489C-46BE-A6EA-1A682ABE8EF0}.Debug|x86.ActiveCfg = Debug|Any CPU
		{645BCD1A-489C-46BE-A6EA-1A682ABE8EF0}.Debug|x86.Build.0 = Debug|Any CPU
		{645BCD1A-489C-46BE-A6EA-1A682ABE8EF0}.Release|Any CPU.ActiveCfg = Release|Any CPU
		{645BCD1A-489C-46BE-A6EA-1A682ABE8EF0}.Release|Any CPU.Build.0 = Release|Any CPU
		{645BCD1A-489C-46BE-A6EA-1A682ABE8EF0}.Release|arm64.ActiveCfg = Release|Any CPU
		{645BCD1A-489C-46BE-A6EA-1A682ABE8EF0}.Release|arm64.Build.0 = Release|Any CPU
		{645BCD1A-489C-46BE-A6EA-1A682ABE8EF0}.Release|x64.ActiveCfg = Release|Any CPU
		{645BCD1A-489C-46BE-A6EA-1A682ABE8EF0}.Release|x64.Build.0 = Release|Any CPU
		{645BCD1A-489C-46BE-A6EA-1A682ABE8EF0}.Release|x86.ActiveCfg = Release|Any CPU
		{645BCD1A-489C-46BE-A6EA-1A682ABE8EF0}.Release|x86.Build.0 = Release|Any CPU
		{4F98020D-AF39-4687-BF9C-4A95236F16EF}.Debug|Any CPU.ActiveCfg = Debug|Any CPU
		{4F98020D-AF39-4687-BF9C-4A95236F16EF}.Debug|Any CPU.Build.0 = Debug|Any CPU
		{4F98020D-AF39-4687-BF9C-4A95236F16EF}.Debug|arm64.ActiveCfg = Debug|Any CPU
		{4F98020D-AF39-4687-BF9C-4A95236F16EF}.Debug|arm64.Build.0 = Debug|Any CPU
		{4F98020D-AF39-4687-BF9C-4A95236F16EF}.Debug|x64.ActiveCfg = Debug|Any CPU
		{4F98020D-AF39-4687-BF9C-4A95236F16EF}.Debug|x64.Build.0 = Debug|Any CPU
		{4F98020D-AF39-4687-BF9C-4A95236F16EF}.Debug|x86.ActiveCfg = Debug|Any CPU
		{4F98020D-AF39-4687-BF9C-4A95236F16EF}.Debug|x86.Build.0 = Debug|Any CPU
		{4F98020D-AF39-4687-BF9C-4A95236F16EF}.Release|Any CPU.ActiveCfg = Release|Any CPU
		{4F98020D-AF39-4687-BF9C-4A95236F16EF}.Release|Any CPU.Build.0 = Release|Any CPU
		{4F98020D-AF39-4687-BF9C-4A95236F16EF}.Release|arm64.ActiveCfg = Release|Any CPU
		{4F98020D-AF39-4687-BF9C-4A95236F16EF}.Release|arm64.Build.0 = Release|Any CPU
		{4F98020D-AF39-4687-BF9C-4A95236F16EF}.Release|x64.ActiveCfg = Release|Any CPU
		{4F98020D-AF39-4687-BF9C-4A95236F16EF}.Release|x64.Build.0 = Release|Any CPU
		{4F98020D-AF39-4687-BF9C-4A95236F16EF}.Release|x86.ActiveCfg = Release|Any CPU
		{4F98020D-AF39-4687-BF9C-4A95236F16EF}.Release|x86.Build.0 = Release|Any CPU
		{73E079E2-251D-46AC-B7E4-3499B10397D1}.Debug|Any CPU.ActiveCfg = Debug|Any CPU
		{73E079E2-251D-46AC-B7E4-3499B10397D1}.Debug|Any CPU.Build.0 = Debug|Any CPU
		{73E079E2-251D-46AC-B7E4-3499B10397D1}.Debug|arm64.ActiveCfg = Debug|Any CPU
		{73E079E2-251D-46AC-B7E4-3499B10397D1}.Debug|arm64.Build.0 = Debug|Any CPU
		{73E079E2-251D-46AC-B7E4-3499B10397D1}.Debug|x64.ActiveCfg = Debug|Any CPU
		{73E079E2-251D-46AC-B7E4-3499B10397D1}.Debug|x64.Build.0 = Debug|Any CPU
		{73E079E2-251D-46AC-B7E4-3499B10397D1}.Debug|x86.ActiveCfg = Debug|Any CPU
		{73E079E2-251D-46AC-B7E4-3499B10397D1}.Debug|x86.Build.0 = Debug|Any CPU
		{73E079E2-251D-46AC-B7E4-3499B10397D1}.Release|Any CPU.ActiveCfg = Release|Any CPU
		{73E079E2-251D-46AC-B7E4-3499B10397D1}.Release|Any CPU.Build.0 = Release|Any CPU
		{73E079E2-251D-46AC-B7E4-3499B10397D1}.Release|arm64.ActiveCfg = Release|Any CPU
		{73E079E2-251D-46AC-B7E4-3499B10397D1}.Release|arm64.Build.0 = Release|Any CPU
		{73E079E2-251D-46AC-B7E4-3499B10397D1}.Release|x64.ActiveCfg = Release|Any CPU
		{73E079E2-251D-46AC-B7E4-3499B10397D1}.Release|x64.Build.0 = Release|Any CPU
		{73E079E2-251D-46AC-B7E4-3499B10397D1}.Release|x86.ActiveCfg = Release|Any CPU
		{73E079E2-251D-46AC-B7E4-3499B10397D1}.Release|x86.Build.0 = Release|Any CPU
		{CFBFCEB6-D5EB-47B9-9DE2-B8D794320B7B}.Debug|Any CPU.ActiveCfg = Debug|Any CPU
		{CFBFCEB6-D5EB-47B9-9DE2-B8D794320B7B}.Debug|Any CPU.Build.0 = Debug|Any CPU
		{CFBFCEB6-D5EB-47B9-9DE2-B8D794320B7B}.Debug|arm64.ActiveCfg = Debug|Any CPU
		{CFBFCEB6-D5EB-47B9-9DE2-B8D794320B7B}.Debug|arm64.Build.0 = Debug|Any CPU
		{CFBFCEB6-D5EB-47B9-9DE2-B8D794320B7B}.Debug|x64.ActiveCfg = Debug|Any CPU
		{CFBFCEB6-D5EB-47B9-9DE2-B8D794320B7B}.Debug|x64.Build.0 = Debug|Any CPU
		{CFBFCEB6-D5EB-47B9-9DE2-B8D794320B7B}.Debug|x86.ActiveCfg = Debug|Any CPU
		{CFBFCEB6-D5EB-47B9-9DE2-B8D794320B7B}.Debug|x86.Build.0 = Debug|Any CPU
		{CFBFCEB6-D5EB-47B9-9DE2-B8D794320B7B}.Release|Any CPU.ActiveCfg = Release|Any CPU
		{CFBFCEB6-D5EB-47B9-9DE2-B8D794320B7B}.Release|Any CPU.Build.0 = Release|Any CPU
		{CFBFCEB6-D5EB-47B9-9DE2-B8D794320B7B}.Release|arm64.ActiveCfg = Release|Any CPU
		{CFBFCEB6-D5EB-47B9-9DE2-B8D794320B7B}.Release|arm64.Build.0 = Release|Any CPU
		{CFBFCEB6-D5EB-47B9-9DE2-B8D794320B7B}.Release|x64.ActiveCfg = Release|Any CPU
		{CFBFCEB6-D5EB-47B9-9DE2-B8D794320B7B}.Release|x64.Build.0 = Release|Any CPU
		{CFBFCEB6-D5EB-47B9-9DE2-B8D794320B7B}.Release|x86.ActiveCfg = Release|Any CPU
		{CFBFCEB6-D5EB-47B9-9DE2-B8D794320B7B}.Release|x86.Build.0 = Release|Any CPU
		{1B540FF4-2881-4D59-9473-70B31E3D72AF}.Debug|Any CPU.ActiveCfg = Debug|Any CPU
		{1B540FF4-2881-4D59-9473-70B31E3D72AF}.Debug|Any CPU.Build.0 = Debug|Any CPU
		{1B540FF4-2881-4D59-9473-70B31E3D72AF}.Debug|arm64.ActiveCfg = Debug|Any CPU
		{1B540FF4-2881-4D59-9473-70B31E3D72AF}.Debug|arm64.Build.0 = Debug|Any CPU
		{1B540FF4-2881-4D59-9473-70B31E3D72AF}.Debug|x64.ActiveCfg = Debug|Any CPU
		{1B540FF4-2881-4D59-9473-70B31E3D72AF}.Debug|x64.Build.0 = Debug|Any CPU
		{1B540FF4-2881-4D59-9473-70B31E3D72AF}.Debug|x86.ActiveCfg = Debug|Any CPU
		{1B540FF4-2881-4D59-9473-70B31E3D72AF}.Debug|x86.Build.0 = Debug|Any CPU
		{1B540FF4-2881-4D59-9473-70B31E3D72AF}.Release|Any CPU.ActiveCfg = Release|Any CPU
		{1B540FF4-2881-4D59-9473-70B31E3D72AF}.Release|Any CPU.Build.0 = Release|Any CPU
		{1B540FF4-2881-4D59-9473-70B31E3D72AF}.Release|arm64.ActiveCfg = Release|Any CPU
		{1B540FF4-2881-4D59-9473-70B31E3D72AF}.Release|arm64.Build.0 = Release|Any CPU
		{1B540FF4-2881-4D59-9473-70B31E3D72AF}.Release|x64.ActiveCfg = Release|Any CPU
		{1B540FF4-2881-4D59-9473-70B31E3D72AF}.Release|x64.Build.0 = Release|Any CPU
		{1B540FF4-2881-4D59-9473-70B31E3D72AF}.Release|x86.ActiveCfg = Release|Any CPU
		{1B540FF4-2881-4D59-9473-70B31E3D72AF}.Release|x86.Build.0 = Release|Any CPU
		{2AA65A54-969E-4277-AD8B-7A89104DE7E0}.Debug|Any CPU.ActiveCfg = Debug|Any CPU
		{2AA65A54-969E-4277-AD8B-7A89104DE7E0}.Debug|Any CPU.Build.0 = Debug|Any CPU
		{2AA65A54-969E-4277-AD8B-7A89104DE7E0}.Debug|arm64.ActiveCfg = Debug|Any CPU
		{2AA65A54-969E-4277-AD8B-7A89104DE7E0}.Debug|arm64.Build.0 = Debug|Any CPU
		{2AA65A54-969E-4277-AD8B-7A89104DE7E0}.Debug|x64.ActiveCfg = Debug|Any CPU
		{2AA65A54-969E-4277-AD8B-7A89104DE7E0}.Debug|x64.Build.0 = Debug|Any CPU
		{2AA65A54-969E-4277-AD8B-7A89104DE7E0}.Debug|x86.ActiveCfg = Debug|Any CPU
		{2AA65A54-969E-4277-AD8B-7A89104DE7E0}.Debug|x86.Build.0 = Debug|Any CPU
		{2AA65A54-969E-4277-AD8B-7A89104DE7E0}.Release|Any CPU.ActiveCfg = Release|Any CPU
		{2AA65A54-969E-4277-AD8B-7A89104DE7E0}.Release|Any CPU.Build.0 = Release|Any CPU
		{2AA65A54-969E-4277-AD8B-7A89104DE7E0}.Release|arm64.ActiveCfg = Release|Any CPU
		{2AA65A54-969E-4277-AD8B-7A89104DE7E0}.Release|arm64.Build.0 = Release|Any CPU
		{2AA65A54-969E-4277-AD8B-7A89104DE7E0}.Release|x64.ActiveCfg = Release|Any CPU
		{2AA65A54-969E-4277-AD8B-7A89104DE7E0}.Release|x64.Build.0 = Release|Any CPU
		{2AA65A54-969E-4277-AD8B-7A89104DE7E0}.Release|x86.ActiveCfg = Release|Any CPU
		{2AA65A54-969E-4277-AD8B-7A89104DE7E0}.Release|x86.Build.0 = Release|Any CPU
		{D05583D8-1CA0-4A21-9ACB-34B39D79BD11}.Debug|Any CPU.ActiveCfg = Debug|Any CPU
		{D05583D8-1CA0-4A21-9ACB-34B39D79BD11}.Debug|Any CPU.Build.0 = Debug|Any CPU
		{D05583D8-1CA0-4A21-9ACB-34B39D79BD11}.Debug|arm64.ActiveCfg = Debug|Any CPU
		{D05583D8-1CA0-4A21-9ACB-34B39D79BD11}.Debug|arm64.Build.0 = Debug|Any CPU
		{D05583D8-1CA0-4A21-9ACB-34B39D79BD11}.Debug|x64.ActiveCfg = Debug|Any CPU
		{D05583D8-1CA0-4A21-9ACB-34B39D79BD11}.Debug|x64.Build.0 = Debug|Any CPU
		{D05583D8-1CA0-4A21-9ACB-34B39D79BD11}.Debug|x86.ActiveCfg = Debug|Any CPU
		{D05583D8-1CA0-4A21-9ACB-34B39D79BD11}.Debug|x86.Build.0 = Debug|Any CPU
		{D05583D8-1CA0-4A21-9ACB-34B39D79BD11}.Release|Any CPU.ActiveCfg = Release|Any CPU
		{D05583D8-1CA0-4A21-9ACB-34B39D79BD11}.Release|Any CPU.Build.0 = Release|Any CPU
		{D05583D8-1CA0-4A21-9ACB-34B39D79BD11}.Release|arm64.ActiveCfg = Release|Any CPU
		{D05583D8-1CA0-4A21-9ACB-34B39D79BD11}.Release|arm64.Build.0 = Release|Any CPU
		{D05583D8-1CA0-4A21-9ACB-34B39D79BD11}.Release|x64.ActiveCfg = Release|Any CPU
		{D05583D8-1CA0-4A21-9ACB-34B39D79BD11}.Release|x64.Build.0 = Release|Any CPU
		{D05583D8-1CA0-4A21-9ACB-34B39D79BD11}.Release|x86.ActiveCfg = Release|Any CPU
		{D05583D8-1CA0-4A21-9ACB-34B39D79BD11}.Release|x86.Build.0 = Release|Any CPU
		{3CB2D488-3820-493F-B5EE-4FE261CFA170}.Debug|Any CPU.ActiveCfg = Debug|Any CPU
		{3CB2D488-3820-493F-B5EE-4FE261CFA170}.Debug|Any CPU.Build.0 = Debug|Any CPU
		{3CB2D488-3820-493F-B5EE-4FE261CFA170}.Debug|arm64.ActiveCfg = Debug|Any CPU
		{3CB2D488-3820-493F-B5EE-4FE261CFA170}.Debug|arm64.Build.0 = Debug|Any CPU
		{3CB2D488-3820-493F-B5EE-4FE261CFA170}.Debug|x64.ActiveCfg = Debug|Any CPU
		{3CB2D488-3820-493F-B5EE-4FE261CFA170}.Debug|x64.Build.0 = Debug|Any CPU
		{3CB2D488-3820-493F-B5EE-4FE261CFA170}.Debug|x86.ActiveCfg = Debug|Any CPU
		{3CB2D488-3820-493F-B5EE-4FE261CFA170}.Debug|x86.Build.0 = Debug|Any CPU
		{3CB2D488-3820-493F-B5EE-4FE261CFA170}.Release|Any CPU.ActiveCfg = Release|Any CPU
		{3CB2D488-3820-493F-B5EE-4FE261CFA170}.Release|Any CPU.Build.0 = Release|Any CPU
		{3CB2D488-3820-493F-B5EE-4FE261CFA170}.Release|arm64.ActiveCfg = Release|Any CPU
		{3CB2D488-3820-493F-B5EE-4FE261CFA170}.Release|arm64.Build.0 = Release|Any CPU
		{3CB2D488-3820-493F-B5EE-4FE261CFA170}.Release|x64.ActiveCfg = Release|Any CPU
		{3CB2D488-3820-493F-B5EE-4FE261CFA170}.Release|x64.Build.0 = Release|Any CPU
		{3CB2D488-3820-493F-B5EE-4FE261CFA170}.Release|x86.ActiveCfg = Release|Any CPU
		{3CB2D488-3820-493F-B5EE-4FE261CFA170}.Release|x86.Build.0 = Release|Any CPU
		{01F909CB-4EC3-4F7B-9926-C563765F3A4B}.Debug|Any CPU.ActiveCfg = Debug|Any CPU
		{01F909CB-4EC3-4F7B-9926-C563765F3A4B}.Debug|Any CPU.Build.0 = Debug|Any CPU
		{01F909CB-4EC3-4F7B-9926-C563765F3A4B}.Debug|arm64.ActiveCfg = Debug|Any CPU
		{01F909CB-4EC3-4F7B-9926-C563765F3A4B}.Debug|arm64.Build.0 = Debug|Any CPU
		{01F909CB-4EC3-4F7B-9926-C563765F3A4B}.Debug|x64.ActiveCfg = Debug|Any CPU
		{01F909CB-4EC3-4F7B-9926-C563765F3A4B}.Debug|x64.Build.0 = Debug|Any CPU
		{01F909CB-4EC3-4F7B-9926-C563765F3A4B}.Debug|x86.ActiveCfg = Debug|Any CPU
		{01F909CB-4EC3-4F7B-9926-C563765F3A4B}.Debug|x86.Build.0 = Debug|Any CPU
		{01F909CB-4EC3-4F7B-9926-C563765F3A4B}.Release|Any CPU.ActiveCfg = Release|Any CPU
		{01F909CB-4EC3-4F7B-9926-C563765F3A4B}.Release|Any CPU.Build.0 = Release|Any CPU
		{01F909CB-4EC3-4F7B-9926-C563765F3A4B}.Release|arm64.ActiveCfg = Release|Any CPU
		{01F909CB-4EC3-4F7B-9926-C563765F3A4B}.Release|arm64.Build.0 = Release|Any CPU
		{01F909CB-4EC3-4F7B-9926-C563765F3A4B}.Release|x64.ActiveCfg = Release|Any CPU
		{01F909CB-4EC3-4F7B-9926-C563765F3A4B}.Release|x64.Build.0 = Release|Any CPU
		{01F909CB-4EC3-4F7B-9926-C563765F3A4B}.Release|x86.ActiveCfg = Release|Any CPU
		{01F909CB-4EC3-4F7B-9926-C563765F3A4B}.Release|x86.Build.0 = Release|Any CPU
		{BB5CBBE8-25C2-4510-8116-6737D25155BD}.Debug|Any CPU.ActiveCfg = Debug|Any CPU
		{BB5CBBE8-25C2-4510-8116-6737D25155BD}.Debug|Any CPU.Build.0 = Debug|Any CPU
		{BB5CBBE8-25C2-4510-8116-6737D25155BD}.Debug|arm64.ActiveCfg = Debug|Any CPU
		{BB5CBBE8-25C2-4510-8116-6737D25155BD}.Debug|arm64.Build.0 = Debug|Any CPU
		{BB5CBBE8-25C2-4510-8116-6737D25155BD}.Debug|x64.ActiveCfg = Debug|Any CPU
		{BB5CBBE8-25C2-4510-8116-6737D25155BD}.Debug|x64.Build.0 = Debug|Any CPU
		{BB5CBBE8-25C2-4510-8116-6737D25155BD}.Debug|x86.ActiveCfg = Debug|Any CPU
		{BB5CBBE8-25C2-4510-8116-6737D25155BD}.Debug|x86.Build.0 = Debug|Any CPU
		{BB5CBBE8-25C2-4510-8116-6737D25155BD}.Release|Any CPU.ActiveCfg = Release|Any CPU
		{BB5CBBE8-25C2-4510-8116-6737D25155BD}.Release|Any CPU.Build.0 = Release|Any CPU
		{BB5CBBE8-25C2-4510-8116-6737D25155BD}.Release|arm64.ActiveCfg = Release|Any CPU
		{BB5CBBE8-25C2-4510-8116-6737D25155BD}.Release|arm64.Build.0 = Release|Any CPU
		{BB5CBBE8-25C2-4510-8116-6737D25155BD}.Release|x64.ActiveCfg = Release|Any CPU
		{BB5CBBE8-25C2-4510-8116-6737D25155BD}.Release|x64.Build.0 = Release|Any CPU
		{BB5CBBE8-25C2-4510-8116-6737D25155BD}.Release|x86.ActiveCfg = Release|Any CPU
		{BB5CBBE8-25C2-4510-8116-6737D25155BD}.Release|x86.Build.0 = Release|Any CPU
		{2EA1DED2-16FA-40CD-B220-C982AA2C251E}.Debug|Any CPU.ActiveCfg = Debug|Any CPU
		{2EA1DED2-16FA-40CD-B220-C982AA2C251E}.Debug|Any CPU.Build.0 = Debug|Any CPU
		{2EA1DED2-16FA-40CD-B220-C982AA2C251E}.Debug|arm64.ActiveCfg = Debug|Any CPU
		{2EA1DED2-16FA-40CD-B220-C982AA2C251E}.Debug|arm64.Build.0 = Debug|Any CPU
		{2EA1DED2-16FA-40CD-B220-C982AA2C251E}.Debug|x64.ActiveCfg = Debug|Any CPU
		{2EA1DED2-16FA-40CD-B220-C982AA2C251E}.Debug|x64.Build.0 = Debug|Any CPU
		{2EA1DED2-16FA-40CD-B220-C982AA2C251E}.Debug|x86.ActiveCfg = Debug|Any CPU
		{2EA1DED2-16FA-40CD-B220-C982AA2C251E}.Debug|x86.Build.0 = Debug|Any CPU
		{2EA1DED2-16FA-40CD-B220-C982AA2C251E}.Release|Any CPU.ActiveCfg = Release|Any CPU
		{2EA1DED2-16FA-40CD-B220-C982AA2C251E}.Release|Any CPU.Build.0 = Release|Any CPU
		{2EA1DED2-16FA-40CD-B220-C982AA2C251E}.Release|arm64.ActiveCfg = Release|Any CPU
		{2EA1DED2-16FA-40CD-B220-C982AA2C251E}.Release|arm64.Build.0 = Release|Any CPU
		{2EA1DED2-16FA-40CD-B220-C982AA2C251E}.Release|x64.ActiveCfg = Release|Any CPU
		{2EA1DED2-16FA-40CD-B220-C982AA2C251E}.Release|x64.Build.0 = Release|Any CPU
		{2EA1DED2-16FA-40CD-B220-C982AA2C251E}.Release|x86.ActiveCfg = Release|Any CPU
		{2EA1DED2-16FA-40CD-B220-C982AA2C251E}.Release|x86.Build.0 = Release|Any CPU
		{FE479F6E-F967-4713-AC36-9DC9A5E0A186}.Debug|Any CPU.ActiveCfg = Debug|Any CPU
		{FE479F6E-F967-4713-AC36-9DC9A5E0A186}.Debug|Any CPU.Build.0 = Debug|Any CPU
		{FE479F6E-F967-4713-AC36-9DC9A5E0A186}.Debug|arm64.ActiveCfg = Debug|Any CPU
		{FE479F6E-F967-4713-AC36-9DC9A5E0A186}.Debug|arm64.Build.0 = Debug|Any CPU
		{FE479F6E-F967-4713-AC36-9DC9A5E0A186}.Debug|x64.ActiveCfg = Debug|Any CPU
		{FE479F6E-F967-4713-AC36-9DC9A5E0A186}.Debug|x64.Build.0 = Debug|Any CPU
		{FE479F6E-F967-4713-AC36-9DC9A5E0A186}.Debug|x86.ActiveCfg = Debug|Any CPU
		{FE479F6E-F967-4713-AC36-9DC9A5E0A186}.Debug|x86.Build.0 = Debug|Any CPU
		{FE479F6E-F967-4713-AC36-9DC9A5E0A186}.Release|Any CPU.ActiveCfg = Release|Any CPU
		{FE479F6E-F967-4713-AC36-9DC9A5E0A186}.Release|Any CPU.Build.0 = Release|Any CPU
		{FE479F6E-F967-4713-AC36-9DC9A5E0A186}.Release|arm64.ActiveCfg = Release|Any CPU
		{FE479F6E-F967-4713-AC36-9DC9A5E0A186}.Release|arm64.Build.0 = Release|Any CPU
		{FE479F6E-F967-4713-AC36-9DC9A5E0A186}.Release|x64.ActiveCfg = Release|Any CPU
		{FE479F6E-F967-4713-AC36-9DC9A5E0A186}.Release|x64.Build.0 = Release|Any CPU
		{FE479F6E-F967-4713-AC36-9DC9A5E0A186}.Release|x86.ActiveCfg = Release|Any CPU
		{FE479F6E-F967-4713-AC36-9DC9A5E0A186}.Release|x86.Build.0 = Release|Any CPU
		{7171C7ED-EF48-4700-8F07-FE3CC2C44E7F}.Debug|Any CPU.ActiveCfg = Debug|Any CPU
		{7171C7ED-EF48-4700-8F07-FE3CC2C44E7F}.Debug|Any CPU.Build.0 = Debug|Any CPU
		{7171C7ED-EF48-4700-8F07-FE3CC2C44E7F}.Debug|arm64.ActiveCfg = Debug|Any CPU
		{7171C7ED-EF48-4700-8F07-FE3CC2C44E7F}.Debug|arm64.Build.0 = Debug|Any CPU
		{7171C7ED-EF48-4700-8F07-FE3CC2C44E7F}.Debug|x64.ActiveCfg = Debug|Any CPU
		{7171C7ED-EF48-4700-8F07-FE3CC2C44E7F}.Debug|x64.Build.0 = Debug|Any CPU
		{7171C7ED-EF48-4700-8F07-FE3CC2C44E7F}.Debug|x86.ActiveCfg = Debug|Any CPU
		{7171C7ED-EF48-4700-8F07-FE3CC2C44E7F}.Debug|x86.Build.0 = Debug|Any CPU
		{7171C7ED-EF48-4700-8F07-FE3CC2C44E7F}.Release|Any CPU.ActiveCfg = Release|Any CPU
		{7171C7ED-EF48-4700-8F07-FE3CC2C44E7F}.Release|Any CPU.Build.0 = Release|Any CPU
		{7171C7ED-EF48-4700-8F07-FE3CC2C44E7F}.Release|arm64.ActiveCfg = Release|Any CPU
		{7171C7ED-EF48-4700-8F07-FE3CC2C44E7F}.Release|arm64.Build.0 = Release|Any CPU
		{7171C7ED-EF48-4700-8F07-FE3CC2C44E7F}.Release|x64.ActiveCfg = Release|Any CPU
		{7171C7ED-EF48-4700-8F07-FE3CC2C44E7F}.Release|x64.Build.0 = Release|Any CPU
		{7171C7ED-EF48-4700-8F07-FE3CC2C44E7F}.Release|x86.ActiveCfg = Release|Any CPU
		{7171C7ED-EF48-4700-8F07-FE3CC2C44E7F}.Release|x86.Build.0 = Release|Any CPU
		{41984572-D6E8-4FDC-BFBB-21331C5A615B}.Debug|Any CPU.ActiveCfg = Debug|Any CPU
		{41984572-D6E8-4FDC-BFBB-21331C5A615B}.Debug|Any CPU.Build.0 = Debug|Any CPU
		{41984572-D6E8-4FDC-BFBB-21331C5A615B}.Debug|arm64.ActiveCfg = Debug|Any CPU
		{41984572-D6E8-4FDC-BFBB-21331C5A615B}.Debug|arm64.Build.0 = Debug|Any CPU
		{41984572-D6E8-4FDC-BFBB-21331C5A615B}.Debug|x64.ActiveCfg = Debug|Any CPU
		{41984572-D6E8-4FDC-BFBB-21331C5A615B}.Debug|x64.Build.0 = Debug|Any CPU
		{41984572-D6E8-4FDC-BFBB-21331C5A615B}.Debug|x86.ActiveCfg = Debug|Any CPU
		{41984572-D6E8-4FDC-BFBB-21331C5A615B}.Debug|x86.Build.0 = Debug|Any CPU
		{41984572-D6E8-4FDC-BFBB-21331C5A615B}.Release|Any CPU.ActiveCfg = Release|Any CPU
		{41984572-D6E8-4FDC-BFBB-21331C5A615B}.Release|Any CPU.Build.0 = Release|Any CPU
		{41984572-D6E8-4FDC-BFBB-21331C5A615B}.Release|arm64.ActiveCfg = Release|Any CPU
		{41984572-D6E8-4FDC-BFBB-21331C5A615B}.Release|arm64.Build.0 = Release|Any CPU
		{41984572-D6E8-4FDC-BFBB-21331C5A615B}.Release|x64.ActiveCfg = Release|Any CPU
		{41984572-D6E8-4FDC-BFBB-21331C5A615B}.Release|x64.Build.0 = Release|Any CPU
		{41984572-D6E8-4FDC-BFBB-21331C5A615B}.Release|x86.ActiveCfg = Release|Any CPU
		{41984572-D6E8-4FDC-BFBB-21331C5A615B}.Release|x86.Build.0 = Release|Any CPU
	EndGlobalSection
	GlobalSection(SolutionProperties) = preSolution
		HideSolutionNode = FALSE
	EndGlobalSection
	GlobalSection(NestedProjects) = preSolution
		{8E300BBC-DE83-49C4-B8A9-36CF71423E16} = {0C596BB7-D172-4367-BA85-27F93C05AF86}
		{86A77925-4230-41B9-B388-7D5336DA3395} = {69EE5B9E-C2CC-49C5-A36C-6E91DEC1E4F1}
		{F2421D96-C459-4F38-97ED-7185C51FD184} = {DA365F63-3B6D-4763-890A-1A4785A0ABCB}
		{F79F6739-CDB9-4CF8-8658-085053151C9F} = {8C664489-419F-4B51-A8A8-1C36F3D9909C}
		{7F0A00DD-CDB5-436D-85EE-84289E14F6A8} = {F9B1187C-056E-4433-86E6-229F15A58D7D}
		{6F0443B6-0319-4E98-B0C4-A8AEAAD7F31E} = {8ACF8CAB-3134-4901-819A-CE883DD5D6D3}
		{C0A625DB-98BD-4CBC-91B7-076B0312E540} = {F9B1187C-056E-4433-86E6-229F15A58D7D}
		{61B29DC7-83D0-4E06-BEB7-8117BBACE920} = {F9B1187C-056E-4433-86E6-229F15A58D7D}
		{2073084A-BDDE-4ED7-96BC-B0D257A75FA5} = {01C2EEE3-40C0-47CB-8CCC-65FB9CBE277F}
		{0C596BB7-D172-4367-BA85-27F93C05AF86} = {8C664489-419F-4B51-A8A8-1C36F3D9909C}
		{69EE5B9E-C2CC-49C5-A36C-6E91DEC1E4F1} = {8C664489-419F-4B51-A8A8-1C36F3D9909C}
		{500415A9-D923-4790-8988-235A4CF56C45} = {0C596BB7-D172-4367-BA85-27F93C05AF86}
		{47856220-406E-445C-BA7F-C8CBEE94B429} = {19B951F3-56FD-4DAC-BA15-3D54A84997ED}
		{CFD86110-0A31-4BAC-AB7B-A834897A81AE} = {69EE5B9E-C2CC-49C5-A36C-6E91DEC1E4F1}
		{645BCD1A-489C-46BE-A6EA-1A682ABE8EF0} = {69EE5B9E-C2CC-49C5-A36C-6E91DEC1E4F1}
		{4F98020D-AF39-4687-BF9C-4A95236F16EF} = {3A4E128B-DB45-49D2-A3D8-51DC45A61C4F}
		{73E079E2-251D-46AC-B7E4-3499B10397D1} = {DA365F63-3B6D-4763-890A-1A4785A0ABCB}
		{1B540FF4-2881-4D59-9473-70B31E3D72AF} = {01C2EEE3-40C0-47CB-8CCC-65FB9CBE277F}
		{2AA65A54-969E-4277-AD8B-7A89104DE7E0} = {340B55A0-8AA9-4CD0-8345-2F307DED4DA1}
		{D05583D8-1CA0-4A21-9ACB-34B39D79BD11} = {F9B1187C-056E-4433-86E6-229F15A58D7D}
		{3CB2D488-3820-493F-B5EE-4FE261CFA170} = {8C664489-419F-4B51-A8A8-1C36F3D9909C}
		{01F909CB-4EC3-4F7B-9926-C563765F3A4B} = {8C664489-419F-4B51-A8A8-1C36F3D9909C}
		{BB5CBBE8-25C2-4510-8116-6737D25155BD} = {8C664489-419F-4B51-A8A8-1C36F3D9909C}
		{2EA1DED2-16FA-40CD-B220-C982AA2C251E} = {19B951F3-56FD-4DAC-BA15-3D54A84997ED}
		{FE479F6E-F967-4713-AC36-9DC9A5E0A186} = {66C83E1E-DA8E-4470-AD8C-E7F79816FC44}
		{7171C7ED-EF48-4700-8F07-FE3CC2C44E7F} = {19B951F3-56FD-4DAC-BA15-3D54A84997ED}
		{41984572-D6E8-4FDC-BFBB-21331C5A615B} = {F9B1187C-056E-4433-86E6-229F15A58D7D}
	EndGlobalSection
	GlobalSection(ExtensibilityGlobals) = postSolution
		SolutionGuid = {CA032551-DA23-47C8-B64B-3E67E162A4F9}
	EndGlobalSection
EndGlobal
