
Microsoft Visual Studio Solution File, Format Version 12.00
# Visual Studio Version 17
VisualStudioVersion = 17.1.32210.238
MinimumVisualStudioVersion = 10.0.40219.1
Project("{9A19103F-16F7-4668-BE54-9A1E7A4F7556}") = "SilverAudioPlayer.Winforms", "SilverAudioPlayer.Winforms\SilverAudioPlayer.Winforms.csproj", "{5F8BFD8A-2476-4384-BA4B-A886BC0820B2}"
EndProject
Project("{9A19103F-16F7-4668-BE54-9A1E7A4F7556}") = "SilverAudioPlayer.Shared", "SilverAudioPlayer.Shared\SilverAudioPlayer.Shared.csproj", "{27C3AB0D-6A16-4171-AA05-0673F38A4650}"
EndProject
Project("{9A19103F-16F7-4668-BE54-9A1E7A4F7556}") = "SilverAudioPlayer.Any.PlayProvider.NAudio", "SilverAudioPlayer.NAudio\SilverAudioPlayer.Any.PlayProvider.NAudio.csproj", "{ADABB162-038F-4391-9794-924DB1B385B1}"
EndProject
Project("{9A19103F-16F7-4668-BE54-9A1E7A4F7556}") = "NAudio.Flac", "NAudio.Flac\NAudio.Flac.csproj", "{8E300BBC-DE83-49C4-B8A9-36CF71423E16}"
EndProject
Project("{9A19103F-16F7-4668-BE54-9A1E7A4F7556}") = "SilverAudioPlayer.Any.PlayProviderExtension.Naudio.Flac", "SilverAudioPlayer.Naudio.Flac\SilverAudioPlayer.Any.PlayProviderExtension.Naudio.Flac.csproj", "{86A77925-4230-41B9-B388-7D5336DA3395}"
EndProject
Project("{9A19103F-16F7-4668-BE54-9A1E7A4F7556}") = "SilverAudioPlayer.Any.MetadataSource.Z440AtlCore", "SilverAudioPlayer.MetadataSource.Z440AtlCore\SilverAudioPlayer.Any.MetadataSource.Z440AtlCore.csproj", "{F2421D96-C459-4F38-97ED-7185C51FD184}"
EndProject
Project("{9A19103F-16F7-4668-BE54-9A1E7A4F7556}") = "SilverAudioPlayer.Core", "SilverAudioPlayer.Core\SilverAudioPlayer.Core.csproj", "{481CFB9D-3220-49F3-90DA-3E201E1C36C8}"
EndProject
Project("{9A19103F-16F7-4668-BE54-9A1E7A4F7556}") = "SilverAudioPlayer.Any.PlayProvider.DryWetMidi", "SilverAudioPlayer.DryWetMidi\SilverAudioPlayer.Any.PlayProvider.DryWetMidi.csproj", "{F79F6739-CDB9-4CF8-8658-085053151C9F}"
EndProject
Project("{9A19103F-16F7-4668-BE54-9A1E7A4F7556}") = "SilverAudioPlayer.Windows.MusicStatusInterface.CAD", "SilverAudioPlayer.CAD\SilverAudioPlayer.Windows.MusicStatusInterface.CAD.csproj", "{7F0A00DD-CDB5-436D-85EE-84289E14F6A8}"
EndProject
Project("{9A19103F-16F7-4668-BE54-9A1E7A4F7556}") = "SilverMagicBytes", "SilverMagicBytes\SilverMagicBytes.csproj", "{6F0443B6-0319-4E98-B0C4-A8AEAAD7F31E}"
EndProject
Project("{9A19103F-16F7-4668-BE54-9A1E7A4F7556}") = "SilverAudioPlayer.Any.MusicStatusInterface.DiscordRP", "SilverAudioPlayer.DiscordRP\SilverAudioPlayer.Any.MusicStatusInterface.DiscordRP.csproj", "{C0A625DB-98BD-4CBC-91B7-076B0312E540}"
EndProject
Project("{9A19103F-16F7-4668-BE54-9A1E7A4F7556}") = "Silver.Serilog.MSAppCenterSink", "Silver.Serilog.MSAppCenterSink\Silver.Serilog.MSAppCenterSink.csproj", "{AFAD7B7B-DCCF-410F-BD20-3D5576F6C849}"
EndProject
Project("{9A19103F-16F7-4668-BE54-9A1E7A4F7556}") = "SilverAudioPlayer.Windows10.MusicStatusInterface.SMTC", "SilverAudioPlayer.SMTC\SilverAudioPlayer.Windows10.MusicStatusInterface.SMTC.csproj", "{61B29DC7-83D0-4E06-BEB7-8117BBACE920}"
EndProject
Project("{9A19103F-16F7-4668-BE54-9A1E7A4F7556}") = "SilverAudioPlayer.Avalonia", "SilverAudioPlayer.Avalonia\SilverAudioPlayer.Avalonia.csproj", "{2073084A-BDDE-4ED7-96BC-B0D257A75FA5}"
EndProject
Project("{2150E333-8FDC-42A3-9474-1A3956D46DE8}") = "UIs", "UIs", "{01C2EEE3-40C0-47CB-8CCC-65FB9CBE277F}"
EndProject
Project("{2150E333-8FDC-42A3-9474-1A3956D46DE8}") = "Libs", "Libs", "{8ACF8CAB-3134-4901-819A-CE883DD5D6D3}"
EndProject
Project("{2150E333-8FDC-42A3-9474-1A3956D46DE8}") = "PlayProviders", "PlayProviders", "{8C664489-419F-4B51-A8A8-1C36F3D9909C}"
EndProject
Project("{2150E333-8FDC-42A3-9474-1A3956D46DE8}") = "PPLibs", "PPLibs", "{0C596BB7-D172-4367-BA85-27F93C05AF86}"
EndProject
Project("{2150E333-8FDC-42A3-9474-1A3956D46DE8}") = "MetadataSources", "MetadataSources", "{DA365F63-3B6D-4763-890A-1A4785A0ABCB}"
EndProject
Project("{2150E333-8FDC-42A3-9474-1A3956D46DE8}") = "MusicStatusInferfaces", "MusicStatusInferfaces", "{F9B1187C-056E-4433-86E6-229F15A58D7D}"
EndProject
Project("{2150E333-8FDC-42A3-9474-1A3956D46DE8}") = "PPExt", "PPExt", "{69EE5B9E-C2CC-49C5-A36C-6E91DEC1E4F1}"
EndProject
Project("{9A19103F-16F7-4668-BE54-9A1E7A4F7556}") = "SilverAudioPlayer.Unix.PlayProviderExtension.Naudio.ASound", "SilverAudioPlayer.Unix.PlayProviderExtension.Naudio.ASound\SilverAudioPlayer.Unix.PlayProviderExtension.Naudio.ASound.csproj", "{500415A9-D923-4790-8988-235A4CF56C45}"
EndProject
Project("{2150E333-8FDC-42A3-9474-1A3956D46DE8}") = "PlayStreamProviders", "PlayStreamProviders", "{19B951F3-56FD-4DAC-BA15-3D54A84997ED}"
EndProject
Project("{9A19103F-16F7-4668-BE54-9A1E7A4F7556}") = "SilverAudioPlayer.Any.PlayStreamProvider.JellyFin", "SilverAudioPlayer.Any.PlayStreamProvider.JellyFin\SilverAudioPlayer.Any.PlayStreamProvider.JellyFin.csproj", "{47856220-406E-445C-BA7F-C8CBEE94B429}"
EndProject
Project("{2150E333-8FDC-42A3-9474-1A3956D46DE8}") = "Solution Items", "Solution Items", "{FEC4F4D4-8769-45D9-90CD-925495D7BE1B}"
	ProjectSection(SolutionItems) = preProject
		SilverAudioPlayer.targets = SilverAudioPlayer.targets
	EndProjectSection
EndProject
Project("{9A19103F-16F7-4668-BE54-9A1E7A4F7556}") = "SilverAudioPlayer.Any.PlayProviderExtenison.Naudio.Vorbis", "SilverAudioPlayer.Any.PlayProviderExtenison.Naudio.Vorbis\SilverAudioPlayer.Any.PlayProviderExtenison.Naudio.Vorbis.csproj", "{CFD86110-0A31-4BAC-AB7B-A834897A81AE}"
EndProject
Project("{9A19103F-16F7-4668-BE54-9A1E7A4F7556}") = "SilverAudioPlayer.Windows.PlayProviderExtension.Naudio.MediaFoundation", "SilverAudioPlayer.Win.PlayProviderExtension.Naudio.MediaFoundation\SilverAudioPlayer.Windows.PlayProviderExtension.Naudio.MediaFoundation.csproj", "{645BCD1A-489C-46BE-A6EA-1A682ABE8EF0}"
EndProject
Project("{2150E333-8FDC-42A3-9474-1A3956D46DE8}") = "PlatformHelpers", "PlatformHelpers", "{3A4E128B-DB45-49D2-A3D8-51DC45A61C4F}"
EndProject
Project("{9A19103F-16F7-4668-BE54-9A1E7A4F7556}") = "SilverAudioPlayer.Windows.PlatformHelper.Win", "SilverAudioPlayer.Windows.PlatformHelper.Win10\SilverAudioPlayer.Windows.PlatformHelper.Win.csproj", "{4F98020D-AF39-4687-BF9C-4A95236F16EF}"
EndProject
Project("{9A19103F-16F7-4668-BE54-9A1E7A4F7556}") = "SilverAudioPlayer.Any.MetadataSource.DryWetMidi", "SilverAudioPlayer.Any.MetadataSource.DryWetMidi\SilverAudioPlayer.Any.MetadataSource.DryWetMidi.csproj", "{73E079E2-251D-46AC-B7E4-3499B10397D1}"
EndProject
Project("{C7167F0D-BC9F-4E6E-AFE1-012C56B48DB5}") = "SilverAudioPlayer.WinUI (Package)", "SilverAudioPlayer.WinUI\SilverAudioPlayer.WinUI (Package)\SilverAudioPlayer.WinUI (Package).wapproj", "{A3D9D773-E405-43DE-8C65-243A79B0CB77}"
EndProject
Project("{FAE04EC0-301F-11D3-BF4B-00C04F79EFBC}") = "SilverAudioPlayer.WinUI", "SilverAudioPlayer.WinUI\SilverAudioPlayer.WinUI\SilverAudioPlayer.WinUI.csproj", "{56799A11-72A0-4348-856F-FCE1F51A9833}"
EndProject
Global
	GlobalSection(SolutionConfigurationPlatforms) = preSolution
		Debug|Any CPU = Debug|Any CPU
		Debug|arm64 = Debug|arm64
		Debug|x64 = Debug|x64
		Debug|x86 = Debug|x86
		Release|Any CPU = Release|Any CPU
		Release|arm64 = Release|arm64
		Release|x64 = Release|x64
		Release|x86 = Release|x86
	EndGlobalSection
	GlobalSection(ProjectConfigurationPlatforms) = postSolution
		{5F8BFD8A-2476-4384-BA4B-A886BC0820B2}.Debug|Any CPU.ActiveCfg = Debug|Any CPU
		{5F8BFD8A-2476-4384-BA4B-A886BC0820B2}.Debug|Any CPU.Build.0 = Debug|Any CPU
		{5F8BFD8A-2476-4384-BA4B-A886BC0820B2}.Debug|arm64.ActiveCfg = Debug|Any CPU
		{5F8BFD8A-2476-4384-BA4B-A886BC0820B2}.Debug|arm64.Build.0 = Debug|Any CPU
		{5F8BFD8A-2476-4384-BA4B-A886BC0820B2}.Debug|x64.ActiveCfg = Debug|Any CPU
		{5F8BFD8A-2476-4384-BA4B-A886BC0820B2}.Debug|x64.Build.0 = Debug|Any CPU
		{5F8BFD8A-2476-4384-BA4B-A886BC0820B2}.Debug|x86.ActiveCfg = Debug|Any CPU
		{5F8BFD8A-2476-4384-BA4B-A886BC0820B2}.Debug|x86.Build.0 = Debug|Any CPU
		{5F8BFD8A-2476-4384-BA4B-A886BC0820B2}.Release|Any CPU.ActiveCfg = Release|Any CPU
		{5F8BFD8A-2476-4384-BA4B-A886BC0820B2}.Release|Any CPU.Build.0 = Release|Any CPU
		{5F8BFD8A-2476-4384-BA4B-A886BC0820B2}.Release|arm64.ActiveCfg = Release|Any CPU
		{5F8BFD8A-2476-4384-BA4B-A886BC0820B2}.Release|arm64.Build.0 = Release|Any CPU
		{5F8BFD8A-2476-4384-BA4B-A886BC0820B2}.Release|x64.ActiveCfg = Release|Any CPU
		{5F8BFD8A-2476-4384-BA4B-A886BC0820B2}.Release|x64.Build.0 = Release|Any CPU
		{5F8BFD8A-2476-4384-BA4B-A886BC0820B2}.Release|x86.ActiveCfg = Release|Any CPU
		{5F8BFD8A-2476-4384-BA4B-A886BC0820B2}.Release|x86.Build.0 = Release|Any CPU
		{27C3AB0D-6A16-4171-AA05-0673F38A4650}.Debug|Any CPU.ActiveCfg = Debug|Any CPU
		{27C3AB0D-6A16-4171-AA05-0673F38A4650}.Debug|Any CPU.Build.0 = Debug|Any CPU
		{27C3AB0D-6A16-4171-AA05-0673F38A4650}.Debug|arm64.ActiveCfg = Debug|Any CPU
		{27C3AB0D-6A16-4171-AA05-0673F38A4650}.Debug|arm64.Build.0 = Debug|Any CPU
		{27C3AB0D-6A16-4171-AA05-0673F38A4650}.Debug|x64.ActiveCfg = Debug|Any CPU
		{27C3AB0D-6A16-4171-AA05-0673F38A4650}.Debug|x64.Build.0 = Debug|Any CPU
		{27C3AB0D-6A16-4171-AA05-0673F38A4650}.Debug|x86.ActiveCfg = Debug|Any CPU
		{27C3AB0D-6A16-4171-AA05-0673F38A4650}.Debug|x86.Build.0 = Debug|Any CPU
		{27C3AB0D-6A16-4171-AA05-0673F38A4650}.Release|Any CPU.ActiveCfg = Release|Any CPU
		{27C3AB0D-6A16-4171-AA05-0673F38A4650}.Release|Any CPU.Build.0 = Release|Any CPU
		{27C3AB0D-6A16-4171-AA05-0673F38A4650}.Release|arm64.ActiveCfg = Release|Any CPU
		{27C3AB0D-6A16-4171-AA05-0673F38A4650}.Release|arm64.Build.0 = Release|Any CPU
		{27C3AB0D-6A16-4171-AA05-0673F38A4650}.Release|x64.ActiveCfg = Release|Any CPU
		{27C3AB0D-6A16-4171-AA05-0673F38A4650}.Release|x64.Build.0 = Release|Any CPU
		{27C3AB0D-6A16-4171-AA05-0673F38A4650}.Release|x86.ActiveCfg = Release|Any CPU
		{27C3AB0D-6A16-4171-AA05-0673F38A4650}.Release|x86.Build.0 = Release|Any CPU
		{ADABB162-038F-4391-9794-924DB1B385B1}.Debug|Any CPU.ActiveCfg = Debug|Any CPU
		{ADABB162-038F-4391-9794-924DB1B385B1}.Debug|Any CPU.Build.0 = Debug|Any CPU
		{ADABB162-038F-4391-9794-924DB1B385B1}.Debug|arm64.ActiveCfg = Debug|Any CPU
		{ADABB162-038F-4391-9794-924DB1B385B1}.Debug|arm64.Build.0 = Debug|Any CPU
		{ADABB162-038F-4391-9794-924DB1B385B1}.Debug|x64.ActiveCfg = Debug|Any CPU
		{ADABB162-038F-4391-9794-924DB1B385B1}.Debug|x64.Build.0 = Debug|Any CPU
		{ADABB162-038F-4391-9794-924DB1B385B1}.Debug|x86.ActiveCfg = Debug|Any CPU
		{ADABB162-038F-4391-9794-924DB1B385B1}.Debug|x86.Build.0 = Debug|Any CPU
		{ADABB162-038F-4391-9794-924DB1B385B1}.Release|Any CPU.ActiveCfg = Release|Any CPU
		{ADABB162-038F-4391-9794-924DB1B385B1}.Release|Any CPU.Build.0 = Release|Any CPU
		{ADABB162-038F-4391-9794-924DB1B385B1}.Release|arm64.ActiveCfg = Release|Any CPU
		{ADABB162-038F-4391-9794-924DB1B385B1}.Release|arm64.Build.0 = Release|Any CPU
		{ADABB162-038F-4391-9794-924DB1B385B1}.Release|x64.ActiveCfg = Release|Any CPU
		{ADABB162-038F-4391-9794-924DB1B385B1}.Release|x64.Build.0 = Release|Any CPU
		{ADABB162-038F-4391-9794-924DB1B385B1}.Release|x86.ActiveCfg = Release|Any CPU
		{ADABB162-038F-4391-9794-924DB1B385B1}.Release|x86.Build.0 = Release|Any CPU
		{8E300BBC-DE83-49C4-B8A9-36CF71423E16}.Debug|Any CPU.ActiveCfg = Debug|Any CPU
		{8E300BBC-DE83-49C4-B8A9-36CF71423E16}.Debug|Any CPU.Build.0 = Debug|Any CPU
		{8E300BBC-DE83-49C4-B8A9-36CF71423E16}.Debug|arm64.ActiveCfg = Debug|Any CPU
		{8E300BBC-DE83-49C4-B8A9-36CF71423E16}.Debug|arm64.Build.0 = Debug|Any CPU
		{8E300BBC-DE83-49C4-B8A9-36CF71423E16}.Debug|x64.ActiveCfg = Debug|Any CPU
		{8E300BBC-DE83-49C4-B8A9-36CF71423E16}.Debug|x64.Build.0 = Debug|Any CPU
		{8E300BBC-DE83-49C4-B8A9-36CF71423E16}.Debug|x86.ActiveCfg = Debug|Any CPU
		{8E300BBC-DE83-49C4-B8A9-36CF71423E16}.Debug|x86.Build.0 = Debug|Any CPU
		{8E300BBC-DE83-49C4-B8A9-36CF71423E16}.Release|Any CPU.ActiveCfg = Release|Any CPU
		{8E300BBC-DE83-49C4-B8A9-36CF71423E16}.Release|Any CPU.Build.0 = Release|Any CPU
		{8E300BBC-DE83-49C4-B8A9-36CF71423E16}.Release|arm64.ActiveCfg = Release|Any CPU
		{8E300BBC-DE83-49C4-B8A9-36CF71423E16}.Release|arm64.Build.0 = Release|Any CPU
		{8E300BBC-DE83-49C4-B8A9-36CF71423E16}.Release|x64.ActiveCfg = Release|Any CPU
		{8E300BBC-DE83-49C4-B8A9-36CF71423E16}.Release|x64.Build.0 = Release|Any CPU
		{8E300BBC-DE83-49C4-B8A9-36CF71423E16}.Release|x86.ActiveCfg = Release|Any CPU
		{8E300BBC-DE83-49C4-B8A9-36CF71423E16}.Release|x86.Build.0 = Release|Any CPU
		{86A77925-4230-41B9-B388-7D5336DA3395}.Debug|Any CPU.ActiveCfg = Debug|Any CPU
		{86A77925-4230-41B9-B388-7D5336DA3395}.Debug|Any CPU.Build.0 = Debug|Any CPU
		{86A77925-4230-41B9-B388-7D5336DA3395}.Debug|arm64.ActiveCfg = Debug|Any CPU
		{86A77925-4230-41B9-B388-7D5336DA3395}.Debug|arm64.Build.0 = Debug|Any CPU
		{86A77925-4230-41B9-B388-7D5336DA3395}.Debug|x64.ActiveCfg = Debug|Any CPU
		{86A77925-4230-41B9-B388-7D5336DA3395}.Debug|x64.Build.0 = Debug|Any CPU
		{86A77925-4230-41B9-B388-7D5336DA3395}.Debug|x86.ActiveCfg = Debug|Any CPU
		{86A77925-4230-41B9-B388-7D5336DA3395}.Debug|x86.Build.0 = Debug|Any CPU
		{86A77925-4230-41B9-B388-7D5336DA3395}.Release|Any CPU.ActiveCfg = Release|Any CPU
		{86A77925-4230-41B9-B388-7D5336DA3395}.Release|Any CPU.Build.0 = Release|Any CPU
		{86A77925-4230-41B9-B388-7D5336DA3395}.Release|arm64.ActiveCfg = Release|Any CPU
		{86A77925-4230-41B9-B388-7D5336DA3395}.Release|arm64.Build.0 = Release|Any CPU
		{86A77925-4230-41B9-B388-7D5336DA3395}.Release|x64.ActiveCfg = Release|Any CPU
		{86A77925-4230-41B9-B388-7D5336DA3395}.Release|x64.Build.0 = Release|Any CPU
		{86A77925-4230-41B9-B388-7D5336DA3395}.Release|x86.ActiveCfg = Release|Any CPU
		{86A77925-4230-41B9-B388-7D5336DA3395}.Release|x86.Build.0 = Release|Any CPU
		{F2421D96-C459-4F38-97ED-7185C51FD184}.Debug|Any CPU.ActiveCfg = Debug|Any CPU
		{F2421D96-C459-4F38-97ED-7185C51FD184}.Debug|Any CPU.Build.0 = Debug|Any CPU
		{F2421D96-C459-4F38-97ED-7185C51FD184}.Debug|arm64.ActiveCfg = Debug|Any CPU
		{F2421D96-C459-4F38-97ED-7185C51FD184}.Debug|arm64.Build.0 = Debug|Any CPU
		{F2421D96-C459-4F38-97ED-7185C51FD184}.Debug|x64.ActiveCfg = Debug|Any CPU
		{F2421D96-C459-4F38-97ED-7185C51FD184}.Debug|x64.Build.0 = Debug|Any CPU
		{F2421D96-C459-4F38-97ED-7185C51FD184}.Debug|x86.ActiveCfg = Debug|Any CPU
		{F2421D96-C459-4F38-97ED-7185C51FD184}.Debug|x86.Build.0 = Debug|Any CPU
		{F2421D96-C459-4F38-97ED-7185C51FD184}.Release|Any CPU.ActiveCfg = Release|Any CPU
		{F2421D96-C459-4F38-97ED-7185C51FD184}.Release|Any CPU.Build.0 = Release|Any CPU
		{F2421D96-C459-4F38-97ED-7185C51FD184}.Release|arm64.ActiveCfg = Release|Any CPU
		{F2421D96-C459-4F38-97ED-7185C51FD184}.Release|arm64.Build.0 = Release|Any CPU
		{F2421D96-C459-4F38-97ED-7185C51FD184}.Release|x64.ActiveCfg = Release|Any CPU
		{F2421D96-C459-4F38-97ED-7185C51FD184}.Release|x64.Build.0 = Release|Any CPU
		{F2421D96-C459-4F38-97ED-7185C51FD184}.Release|x86.ActiveCfg = Release|Any CPU
		{F2421D96-C459-4F38-97ED-7185C51FD184}.Release|x86.Build.0 = Release|Any CPU
		{481CFB9D-3220-49F3-90DA-3E201E1C36C8}.Debug|Any CPU.ActiveCfg = Debug|Any CPU
		{481CFB9D-3220-49F3-90DA-3E201E1C36C8}.Debug|Any CPU.Build.0 = Debug|Any CPU
		{481CFB9D-3220-49F3-90DA-3E201E1C36C8}.Debug|arm64.ActiveCfg = Debug|Any CPU
		{481CFB9D-3220-49F3-90DA-3E201E1C36C8}.Debug|arm64.Build.0 = Debug|Any CPU
		{481CFB9D-3220-49F3-90DA-3E201E1C36C8}.Debug|x64.ActiveCfg = Debug|Any CPU
		{481CFB9D-3220-49F3-90DA-3E201E1C36C8}.Debug|x64.Build.0 = Debug|Any CPU
		{481CFB9D-3220-49F3-90DA-3E201E1C36C8}.Debug|x86.ActiveCfg = Debug|Any CPU
		{481CFB9D-3220-49F3-90DA-3E201E1C36C8}.Debug|x86.Build.0 = Debug|Any CPU
		{481CFB9D-3220-49F3-90DA-3E201E1C36C8}.Release|Any CPU.ActiveCfg = Release|Any CPU
		{481CFB9D-3220-49F3-90DA-3E201E1C36C8}.Release|Any CPU.Build.0 = Release|Any CPU
		{481CFB9D-3220-49F3-90DA-3E201E1C36C8}.Release|arm64.ActiveCfg = Release|Any CPU
		{481CFB9D-3220-49F3-90DA-3E201E1C36C8}.Release|arm64.Build.0 = Release|Any CPU
		{481CFB9D-3220-49F3-90DA-3E201E1C36C8}.Release|x64.ActiveCfg = Release|Any CPU
		{481CFB9D-3220-49F3-90DA-3E201E1C36C8}.Release|x64.Build.0 = Release|Any CPU
		{481CFB9D-3220-49F3-90DA-3E201E1C36C8}.Release|x86.ActiveCfg = Release|Any CPU
		{481CFB9D-3220-49F3-90DA-3E201E1C36C8}.Release|x86.Build.0 = Release|Any CPU
		{F79F6739-CDB9-4CF8-8658-085053151C9F}.Debug|Any CPU.ActiveCfg = Debug|Any CPU
		{F79F6739-CDB9-4CF8-8658-085053151C9F}.Debug|Any CPU.Build.0 = Debug|Any CPU
		{F79F6739-CDB9-4CF8-8658-085053151C9F}.Debug|arm64.ActiveCfg = Debug|Any CPU
		{F79F6739-CDB9-4CF8-8658-085053151C9F}.Debug|arm64.Build.0 = Debug|Any CPU
		{F79F6739-CDB9-4CF8-8658-085053151C9F}.Debug|x64.ActiveCfg = Debug|Any CPU
		{F79F6739-CDB9-4CF8-8658-085053151C9F}.Debug|x64.Build.0 = Debug|Any CPU
		{F79F6739-CDB9-4CF8-8658-085053151C9F}.Debug|x86.ActiveCfg = Debug|Any CPU
		{F79F6739-CDB9-4CF8-8658-085053151C9F}.Debug|x86.Build.0 = Debug|Any CPU
		{F79F6739-CDB9-4CF8-8658-085053151C9F}.Release|Any CPU.ActiveCfg = Release|Any CPU
		{F79F6739-CDB9-4CF8-8658-085053151C9F}.Release|Any CPU.Build.0 = Release|Any CPU
		{F79F6739-CDB9-4CF8-8658-085053151C9F}.Release|arm64.ActiveCfg = Release|Any CPU
		{F79F6739-CDB9-4CF8-8658-085053151C9F}.Release|arm64.Build.0 = Release|Any CPU
		{F79F6739-CDB9-4CF8-8658-085053151C9F}.Release|x64.ActiveCfg = Release|Any CPU
		{F79F6739-CDB9-4CF8-8658-085053151C9F}.Release|x64.Build.0 = Release|Any CPU
		{F79F6739-CDB9-4CF8-8658-085053151C9F}.Release|x86.ActiveCfg = Release|Any CPU
		{F79F6739-CDB9-4CF8-8658-085053151C9F}.Release|x86.Build.0 = Release|Any CPU
		{7F0A00DD-CDB5-436D-85EE-84289E14F6A8}.Debug|Any CPU.ActiveCfg = Debug|Any CPU
		{7F0A00DD-CDB5-436D-85EE-84289E14F6A8}.Debug|Any CPU.Build.0 = Debug|Any CPU
		{7F0A00DD-CDB5-436D-85EE-84289E14F6A8}.Debug|arm64.ActiveCfg = Debug|Any CPU
		{7F0A00DD-CDB5-436D-85EE-84289E14F6A8}.Debug|arm64.Build.0 = Debug|Any CPU
		{7F0A00DD-CDB5-436D-85EE-84289E14F6A8}.Debug|x64.ActiveCfg = Debug|Any CPU
		{7F0A00DD-CDB5-436D-85EE-84289E14F6A8}.Debug|x64.Build.0 = Debug|Any CPU
		{7F0A00DD-CDB5-436D-85EE-84289E14F6A8}.Debug|x86.ActiveCfg = Debug|Any CPU
		{7F0A00DD-CDB5-436D-85EE-84289E14F6A8}.Debug|x86.Build.0 = Debug|Any CPU
		{7F0A00DD-CDB5-436D-85EE-84289E14F6A8}.Release|Any CPU.ActiveCfg = Release|Any CPU
		{7F0A00DD-CDB5-436D-85EE-84289E14F6A8}.Release|Any CPU.Build.0 = Release|Any CPU
		{7F0A00DD-CDB5-436D-85EE-84289E14F6A8}.Release|arm64.ActiveCfg = Release|Any CPU
		{7F0A00DD-CDB5-436D-85EE-84289E14F6A8}.Release|arm64.Build.0 = Release|Any CPU
		{7F0A00DD-CDB5-436D-85EE-84289E14F6A8}.Release|x64.ActiveCfg = Release|Any CPU
		{7F0A00DD-CDB5-436D-85EE-84289E14F6A8}.Release|x64.Build.0 = Release|Any CPU
		{7F0A00DD-CDB5-436D-85EE-84289E14F6A8}.Release|x86.ActiveCfg = Release|Any CPU
		{7F0A00DD-CDB5-436D-85EE-84289E14F6A8}.Release|x86.Build.0 = Release|Any CPU
		{6F0443B6-0319-4E98-B0C4-A8AEAAD7F31E}.Debug|Any CPU.ActiveCfg = Debug|Any CPU
		{6F0443B6-0319-4E98-B0C4-A8AEAAD7F31E}.Debug|Any CPU.Build.0 = Debug|Any CPU
		{6F0443B6-0319-4E98-B0C4-A8AEAAD7F31E}.Debug|arm64.ActiveCfg = Debug|Any CPU
		{6F0443B6-0319-4E98-B0C4-A8AEAAD7F31E}.Debug|arm64.Build.0 = Debug|Any CPU
		{6F0443B6-0319-4E98-B0C4-A8AEAAD7F31E}.Debug|x64.ActiveCfg = Debug|Any CPU
		{6F0443B6-0319-4E98-B0C4-A8AEAAD7F31E}.Debug|x64.Build.0 = Debug|Any CPU
		{6F0443B6-0319-4E98-B0C4-A8AEAAD7F31E}.Debug|x86.ActiveCfg = Debug|Any CPU
		{6F0443B6-0319-4E98-B0C4-A8AEAAD7F31E}.Debug|x86.Build.0 = Debug|Any CPU
		{6F0443B6-0319-4E98-B0C4-A8AEAAD7F31E}.Release|Any CPU.ActiveCfg = Release|Any CPU
		{6F0443B6-0319-4E98-B0C4-A8AEAAD7F31E}.Release|Any CPU.Build.0 = Release|Any CPU
		{6F0443B6-0319-4E98-B0C4-A8AEAAD7F31E}.Release|arm64.ActiveCfg = Release|Any CPU
		{6F0443B6-0319-4E98-B0C4-A8AEAAD7F31E}.Release|arm64.Build.0 = Release|Any CPU
		{6F0443B6-0319-4E98-B0C4-A8AEAAD7F31E}.Release|x64.ActiveCfg = Release|Any CPU
		{6F0443B6-0319-4E98-B0C4-A8AEAAD7F31E}.Release|x64.Build.0 = Release|Any CPU
		{6F0443B6-0319-4E98-B0C4-A8AEAAD7F31E}.Release|x86.ActiveCfg = Release|Any CPU
		{6F0443B6-0319-4E98-B0C4-A8AEAAD7F31E}.Release|x86.Build.0 = Release|Any CPU
		{C0A625DB-98BD-4CBC-91B7-076B0312E540}.Debug|Any CPU.ActiveCfg = Debug|Any CPU
		{C0A625DB-98BD-4CBC-91B7-076B0312E540}.Debug|Any CPU.Build.0 = Debug|Any CPU
		{C0A625DB-98BD-4CBC-91B7-076B0312E540}.Debug|arm64.ActiveCfg = Debug|Any CPU
		{C0A625DB-98BD-4CBC-91B7-076B0312E540}.Debug|arm64.Build.0 = Debug|Any CPU
		{C0A625DB-98BD-4CBC-91B7-076B0312E540}.Debug|x64.ActiveCfg = Debug|Any CPU
		{C0A625DB-98BD-4CBC-91B7-076B0312E540}.Debug|x64.Build.0 = Debug|Any CPU
		{C0A625DB-98BD-4CBC-91B7-076B0312E540}.Debug|x86.ActiveCfg = Debug|Any CPU
		{C0A625DB-98BD-4CBC-91B7-076B0312E540}.Debug|x86.Build.0 = Debug|Any CPU
		{C0A625DB-98BD-4CBC-91B7-076B0312E540}.Release|Any CPU.ActiveCfg = Release|Any CPU
		{C0A625DB-98BD-4CBC-91B7-076B0312E540}.Release|Any CPU.Build.0 = Release|Any CPU
		{C0A625DB-98BD-4CBC-91B7-076B0312E540}.Release|arm64.ActiveCfg = Release|Any CPU
		{C0A625DB-98BD-4CBC-91B7-076B0312E540}.Release|arm64.Build.0 = Release|Any CPU
		{C0A625DB-98BD-4CBC-91B7-076B0312E540}.Release|x64.ActiveCfg = Release|Any CPU
		{C0A625DB-98BD-4CBC-91B7-076B0312E540}.Release|x64.Build.0 = Release|Any CPU
		{C0A625DB-98BD-4CBC-91B7-076B0312E540}.Release|x86.ActiveCfg = Release|Any CPU
		{C0A625DB-98BD-4CBC-91B7-076B0312E540}.Release|x86.Build.0 = Release|Any CPU
		{AFAD7B7B-DCCF-410F-BD20-3D5576F6C849}.Debug|Any CPU.ActiveCfg = Debug|Any CPU
		{AFAD7B7B-DCCF-410F-BD20-3D5576F6C849}.Debug|Any CPU.Build.0 = Debug|Any CPU
		{AFAD7B7B-DCCF-410F-BD20-3D5576F6C849}.Debug|arm64.ActiveCfg = Debug|Any CPU
		{AFAD7B7B-DCCF-410F-BD20-3D5576F6C849}.Debug|arm64.Build.0 = Debug|Any CPU
		{AFAD7B7B-DCCF-410F-BD20-3D5576F6C849}.Debug|x64.ActiveCfg = Debug|Any CPU
		{AFAD7B7B-DCCF-410F-BD20-3D5576F6C849}.Debug|x64.Build.0 = Debug|Any CPU
		{AFAD7B7B-DCCF-410F-BD20-3D5576F6C849}.Debug|x86.ActiveCfg = Debug|Any CPU
		{AFAD7B7B-DCCF-410F-BD20-3D5576F6C849}.Debug|x86.Build.0 = Debug|Any CPU
		{AFAD7B7B-DCCF-410F-BD20-3D5576F6C849}.Release|Any CPU.ActiveCfg = Release|Any CPU
		{AFAD7B7B-DCCF-410F-BD20-3D5576F6C849}.Release|Any CPU.Build.0 = Release|Any CPU
		{AFAD7B7B-DCCF-410F-BD20-3D5576F6C849}.Release|arm64.ActiveCfg = Release|Any CPU
		{AFAD7B7B-DCCF-410F-BD20-3D5576F6C849}.Release|arm64.Build.0 = Release|Any CPU
		{AFAD7B7B-DCCF-410F-BD20-3D5576F6C849}.Release|x64.ActiveCfg = Release|Any CPU
		{AFAD7B7B-DCCF-410F-BD20-3D5576F6C849}.Release|x64.Build.0 = Release|Any CPU
		{AFAD7B7B-DCCF-410F-BD20-3D5576F6C849}.Release|x86.ActiveCfg = Release|Any CPU
		{AFAD7B7B-DCCF-410F-BD20-3D5576F6C849}.Release|x86.Build.0 = Release|Any CPU
		{61B29DC7-83D0-4E06-BEB7-8117BBACE920}.Debug|Any CPU.ActiveCfg = Debug|Any CPU
		{61B29DC7-83D0-4E06-BEB7-8117BBACE920}.Debug|Any CPU.Build.0 = Debug|Any CPU
		{61B29DC7-83D0-4E06-BEB7-8117BBACE920}.Debug|arm64.ActiveCfg = Debug|Any CPU
		{61B29DC7-83D0-4E06-BEB7-8117BBACE920}.Debug|arm64.Build.0 = Debug|Any CPU
		{61B29DC7-83D0-4E06-BEB7-8117BBACE920}.Debug|x64.ActiveCfg = Debug|Any CPU
		{61B29DC7-83D0-4E06-BEB7-8117BBACE920}.Debug|x64.Build.0 = Debug|Any CPU
		{61B29DC7-83D0-4E06-BEB7-8117BBACE920}.Debug|x86.ActiveCfg = Debug|Any CPU
		{61B29DC7-83D0-4E06-BEB7-8117BBACE920}.Debug|x86.Build.0 = Debug|Any CPU
		{61B29DC7-83D0-4E06-BEB7-8117BBACE920}.Release|Any CPU.ActiveCfg = Release|Any CPU
		{61B29DC7-83D0-4E06-BEB7-8117BBACE920}.Release|Any CPU.Build.0 = Release|Any CPU
		{61B29DC7-83D0-4E06-BEB7-8117BBACE920}.Release|arm64.ActiveCfg = Release|Any CPU
		{61B29DC7-83D0-4E06-BEB7-8117BBACE920}.Release|arm64.Build.0 = Release|Any CPU
		{61B29DC7-83D0-4E06-BEB7-8117BBACE920}.Release|x64.ActiveCfg = Release|Any CPU
		{61B29DC7-83D0-4E06-BEB7-8117BBACE920}.Release|x64.Build.0 = Release|Any CPU
		{61B29DC7-83D0-4E06-BEB7-8117BBACE920}.Release|x86.ActiveCfg = Release|Any CPU
		{61B29DC7-83D0-4E06-BEB7-8117BBACE920}.Release|x86.Build.0 = Release|Any CPU
		{2073084A-BDDE-4ED7-96BC-B0D257A75FA5}.Debug|Any CPU.ActiveCfg = Debug|Any CPU
		{2073084A-BDDE-4ED7-96BC-B0D257A75FA5}.Debug|Any CPU.Build.0 = Debug|Any CPU
		{2073084A-BDDE-4ED7-96BC-B0D257A75FA5}.Debug|arm64.ActiveCfg = Debug|Any CPU
		{2073084A-BDDE-4ED7-96BC-B0D257A75FA5}.Debug|arm64.Build.0 = Debug|Any CPU
		{2073084A-BDDE-4ED7-96BC-B0D257A75FA5}.Debug|x64.ActiveCfg = Debug|Any CPU
		{2073084A-BDDE-4ED7-96BC-B0D257A75FA5}.Debug|x64.Build.0 = Debug|Any CPU
		{2073084A-BDDE-4ED7-96BC-B0D257A75FA5}.Debug|x86.ActiveCfg = Debug|Any CPU
		{2073084A-BDDE-4ED7-96BC-B0D257A75FA5}.Debug|x86.Build.0 = Debug|Any CPU
		{2073084A-BDDE-4ED7-96BC-B0D257A75FA5}.Release|Any CPU.ActiveCfg = Release|Any CPU
		{2073084A-BDDE-4ED7-96BC-B0D257A75FA5}.Release|Any CPU.Build.0 = Release|Any CPU
		{2073084A-BDDE-4ED7-96BC-B0D257A75FA5}.Release|arm64.ActiveCfg = Release|Any CPU
		{2073084A-BDDE-4ED7-96BC-B0D257A75FA5}.Release|arm64.Build.0 = Release|Any CPU
		{2073084A-BDDE-4ED7-96BC-B0D257A75FA5}.Release|x64.ActiveCfg = Release|Any CPU
		{2073084A-BDDE-4ED7-96BC-B0D257A75FA5}.Release|x64.Build.0 = Release|Any CPU
		{2073084A-BDDE-4ED7-96BC-B0D257A75FA5}.Release|x86.ActiveCfg = Release|Any CPU
		{2073084A-BDDE-4ED7-96BC-B0D257A75FA5}.Release|x86.Build.0 = Release|Any CPU
		{500415A9-D923-4790-8988-235A4CF56C45}.Debug|Any CPU.ActiveCfg = Debug|Any CPU
		{500415A9-D923-4790-8988-235A4CF56C45}.Debug|Any CPU.Build.0 = Debug|Any CPU
		{500415A9-D923-4790-8988-235A4CF56C45}.Debug|arm64.ActiveCfg = Debug|Any CPU
		{500415A9-D923-4790-8988-235A4CF56C45}.Debug|arm64.Build.0 = Debug|Any CPU
		{500415A9-D923-4790-8988-235A4CF56C45}.Debug|x64.ActiveCfg = Debug|Any CPU
		{500415A9-D923-4790-8988-235A4CF56C45}.Debug|x64.Build.0 = Debug|Any CPU
		{500415A9-D923-4790-8988-235A4CF56C45}.Debug|x86.ActiveCfg = Debug|Any CPU
		{500415A9-D923-4790-8988-235A4CF56C45}.Debug|x86.Build.0 = Debug|Any CPU
		{500415A9-D923-4790-8988-235A4CF56C45}.Release|Any CPU.ActiveCfg = Release|Any CPU
		{500415A9-D923-4790-8988-235A4CF56C45}.Release|Any CPU.Build.0 = Release|Any CPU
		{500415A9-D923-4790-8988-235A4CF56C45}.Release|arm64.ActiveCfg = Release|Any CPU
		{500415A9-D923-4790-8988-235A4CF56C45}.Release|arm64.Build.0 = Release|Any CPU
		{500415A9-D923-4790-8988-235A4CF56C45}.Release|x64.ActiveCfg = Release|Any CPU
		{500415A9-D923-4790-8988-235A4CF56C45}.Release|x64.Build.0 = Release|Any CPU
		{500415A9-D923-4790-8988-235A4CF56C45}.Release|x86.ActiveCfg = Release|Any CPU
		{500415A9-D923-4790-8988-235A4CF56C45}.Release|x86.Build.0 = Release|Any CPU
		{47856220-406E-445C-BA7F-C8CBEE94B429}.Debug|Any CPU.ActiveCfg = Debug|Any CPU
		{47856220-406E-445C-BA7F-C8CBEE94B429}.Debug|Any CPU.Build.0 = Debug|Any CPU
		{47856220-406E-445C-BA7F-C8CBEE94B429}.Debug|arm64.ActiveCfg = Debug|Any CPU
		{47856220-406E-445C-BA7F-C8CBEE94B429}.Debug|arm64.Build.0 = Debug|Any CPU
		{47856220-406E-445C-BA7F-C8CBEE94B429}.Debug|x64.ActiveCfg = Debug|Any CPU
		{47856220-406E-445C-BA7F-C8CBEE94B429}.Debug|x64.Build.0 = Debug|Any CPU
		{47856220-406E-445C-BA7F-C8CBEE94B429}.Debug|x86.ActiveCfg = Debug|Any CPU
		{47856220-406E-445C-BA7F-C8CBEE94B429}.Debug|x86.Build.0 = Debug|Any CPU
		{47856220-406E-445C-BA7F-C8CBEE94B429}.Release|Any CPU.ActiveCfg = Release|Any CPU
		{47856220-406E-445C-BA7F-C8CBEE94B429}.Release|Any CPU.Build.0 = Release|Any CPU
		{47856220-406E-445C-BA7F-C8CBEE94B429}.Release|arm64.ActiveCfg = Release|Any CPU
		{47856220-406E-445C-BA7F-C8CBEE94B429}.Release|arm64.Build.0 = Release|Any CPU
		{47856220-406E-445C-BA7F-C8CBEE94B429}.Release|x64.ActiveCfg = Release|Any CPU
		{47856220-406E-445C-BA7F-C8CBEE94B429}.Release|x64.Build.0 = Release|Any CPU
		{47856220-406E-445C-BA7F-C8CBEE94B429}.Release|x86.ActiveCfg = Release|Any CPU
		{47856220-406E-445C-BA7F-C8CBEE94B429}.Release|x86.Build.0 = Release|Any CPU
		{CFD86110-0A31-4BAC-AB7B-A834897A81AE}.Debug|Any CPU.ActiveCfg = Debug|Any CPU
		{CFD86110-0A31-4BAC-AB7B-A834897A81AE}.Debug|Any CPU.Build.0 = Debug|Any CPU
		{CFD86110-0A31-4BAC-AB7B-A834897A81AE}.Debug|arm64.ActiveCfg = Debug|Any CPU
		{CFD86110-0A31-4BAC-AB7B-A834897A81AE}.Debug|arm64.Build.0 = Debug|Any CPU
		{CFD86110-0A31-4BAC-AB7B-A834897A81AE}.Debug|x64.ActiveCfg = Debug|Any CPU
		{CFD86110-0A31-4BAC-AB7B-A834897A81AE}.Debug|x64.Build.0 = Debug|Any CPU
		{CFD86110-0A31-4BAC-AB7B-A834897A81AE}.Debug|x86.ActiveCfg = Debug|Any CPU
		{CFD86110-0A31-4BAC-AB7B-A834897A81AE}.Debug|x86.Build.0 = Debug|Any CPU
		{CFD86110-0A31-4BAC-AB7B-A834897A81AE}.Release|Any CPU.ActiveCfg = Release|Any CPU
		{CFD86110-0A31-4BAC-AB7B-A834897A81AE}.Release|Any CPU.Build.0 = Release|Any CPU
		{CFD86110-0A31-4BAC-AB7B-A834897A81AE}.Release|arm64.ActiveCfg = Release|Any CPU
		{CFD86110-0A31-4BAC-AB7B-A834897A81AE}.Release|arm64.Build.0 = Release|Any CPU
		{CFD86110-0A31-4BAC-AB7B-A834897A81AE}.Release|x64.ActiveCfg = Release|Any CPU
		{CFD86110-0A31-4BAC-AB7B-A834897A81AE}.Release|x64.Build.0 = Release|Any CPU
		{CFD86110-0A31-4BAC-AB7B-A834897A81AE}.Release|x86.ActiveCfg = Release|Any CPU
		{CFD86110-0A31-4BAC-AB7B-A834897A81AE}.Release|x86.Build.0 = Release|Any CPU
		{645BCD1A-489C-46BE-A6EA-1A682ABE8EF0}.Debug|Any CPU.ActiveCfg = Debug|Any CPU
		{645BCD1A-489C-46BE-A6EA-1A682ABE8EF0}.Debug|Any CPU.Build.0 = Debug|Any CPU
		{645BCD1A-489C-46BE-A6EA-1A682ABE8EF0}.Debug|arm64.ActiveCfg = Debug|Any CPU
		{645BCD1A-489C-46BE-A6EA-1A682ABE8EF0}.Debug|arm64.Build.0 = Debug|Any CPU
		{645BCD1A-489C-46BE-A6EA-1A682ABE8EF0}.Debug|x64.ActiveCfg = Debug|Any CPU
		{645BCD1A-489C-46BE-A6EA-1A682ABE8EF0}.Debug|x64.Build.0 = Debug|Any CPU
		{645BCD1A-489C-46BE-A6EA-1A682ABE8EF0}.Debug|x86.ActiveCfg = Debug|Any CPU
		{645BCD1A-489C-46BE-A6EA-1A682ABE8EF0}.Debug|x86.Build.0 = Debug|Any CPU
		{645BCD1A-489C-46BE-A6EA-1A682ABE8EF0}.Release|Any CPU.ActiveCfg = Release|Any CPU
		{645BCD1A-489C-46BE-A6EA-1A682ABE8EF0}.Release|Any CPU.Build.0 = Release|Any CPU
		{645BCD1A-489C-46BE-A6EA-1A682ABE8EF0}.Release|arm64.ActiveCfg = Release|Any CPU
		{645BCD1A-489C-46BE-A6EA-1A682ABE8EF0}.Release|arm64.Build.0 = Release|Any CPU
		{645BCD1A-489C-46BE-A6EA-1A682ABE8EF0}.Release|x64.ActiveCfg = Release|Any CPU
		{645BCD1A-489C-46BE-A6EA-1A682ABE8EF0}.Release|x64.Build.0 = Release|Any CPU
		{645BCD1A-489C-46BE-A6EA-1A682ABE8EF0}.Release|x86.ActiveCfg = Release|Any CPU
		{645BCD1A-489C-46BE-A6EA-1A682ABE8EF0}.Release|x86.Build.0 = Release|Any CPU
		{4F98020D-AF39-4687-BF9C-4A95236F16EF}.Debug|Any CPU.ActiveCfg = Debug|Any CPU
		{4F98020D-AF39-4687-BF9C-4A95236F16EF}.Debug|Any CPU.Build.0 = Debug|Any CPU
		{4F98020D-AF39-4687-BF9C-4A95236F16EF}.Debug|arm64.ActiveCfg = Debug|Any CPU
		{4F98020D-AF39-4687-BF9C-4A95236F16EF}.Debug|arm64.Build.0 = Debug|Any CPU
		{4F98020D-AF39-4687-BF9C-4A95236F16EF}.Debug|x64.ActiveCfg = Debug|Any CPU
		{4F98020D-AF39-4687-BF9C-4A95236F16EF}.Debug|x64.Build.0 = Debug|Any CPU
		{4F98020D-AF39-4687-BF9C-4A95236F16EF}.Debug|x86.ActiveCfg = Debug|Any CPU
		{4F98020D-AF39-4687-BF9C-4A95236F16EF}.Debug|x86.Build.0 = Debug|Any CPU
		{4F98020D-AF39-4687-BF9C-4A95236F16EF}.Release|Any CPU.ActiveCfg = Release|Any CPU
		{4F98020D-AF39-4687-BF9C-4A95236F16EF}.Release|Any CPU.Build.0 = Release|Any CPU
		{4F98020D-AF39-4687-BF9C-4A95236F16EF}.Release|arm64.ActiveCfg = Release|Any CPU
		{4F98020D-AF39-4687-BF9C-4A95236F16EF}.Release|arm64.Build.0 = Release|Any CPU
		{4F98020D-AF39-4687-BF9C-4A95236F16EF}.Release|x64.ActiveCfg = Release|Any CPU
		{4F98020D-AF39-4687-BF9C-4A95236F16EF}.Release|x64.Build.0 = Release|Any CPU
		{4F98020D-AF39-4687-BF9C-4A95236F16EF}.Release|x86.ActiveCfg = Release|Any CPU
		{4F98020D-AF39-4687-BF9C-4A95236F16EF}.Release|x86.Build.0 = Release|Any CPU
		{73E079E2-251D-46AC-B7E4-3499B10397D1}.Debug|Any CPU.ActiveCfg = Debug|Any CPU
		{73E079E2-251D-46AC-B7E4-3499B10397D1}.Debug|Any CPU.Build.0 = Debug|Any CPU
		{73E079E2-251D-46AC-B7E4-3499B10397D1}.Debug|arm64.ActiveCfg = Debug|Any CPU
		{73E079E2-251D-46AC-B7E4-3499B10397D1}.Debug|arm64.Build.0 = Debug|Any CPU
		{73E079E2-251D-46AC-B7E4-3499B10397D1}.Debug|x64.ActiveCfg = Debug|Any CPU
		{73E079E2-251D-46AC-B7E4-3499B10397D1}.Debug|x64.Build.0 = Debug|Any CPU
		{73E079E2-251D-46AC-B7E4-3499B10397D1}.Debug|x86.ActiveCfg = Debug|Any CPU
		{73E079E2-251D-46AC-B7E4-3499B10397D1}.Debug|x86.Build.0 = Debug|Any CPU
		{73E079E2-251D-46AC-B7E4-3499B10397D1}.Release|Any CPU.ActiveCfg = Release|Any CPU
		{73E079E2-251D-46AC-B7E4-3499B10397D1}.Release|Any CPU.Build.0 = Release|Any CPU
		{73E079E2-251D-46AC-B7E4-3499B10397D1}.Release|arm64.ActiveCfg = Release|Any CPU
		{73E079E2-251D-46AC-B7E4-3499B10397D1}.Release|arm64.Build.0 = Release|Any CPU
		{73E079E2-251D-46AC-B7E4-3499B10397D1}.Release|x64.ActiveCfg = Release|Any CPU
		{73E079E2-251D-46AC-B7E4-3499B10397D1}.Release|x64.Build.0 = Release|Any CPU
		{73E079E2-251D-46AC-B7E4-3499B10397D1}.Release|x86.ActiveCfg = Release|Any CPU
		{73E079E2-251D-46AC-B7E4-3499B10397D1}.Release|x86.Build.0 = Release|Any CPU
		{A3D9D773-E405-43DE-8C65-243A79B0CB77}.Debug|Any CPU.ActiveCfg = Debug|x64
		{A3D9D773-E405-43DE-8C65-243A79B0CB77}.Debug|Any CPU.Build.0 = Debug|x64
		{A3D9D773-E405-43DE-8C65-243A79B0CB77}.Debug|Any CPU.Deploy.0 = Debug|x64
		{A3D9D773-E405-43DE-8C65-243A79B0CB77}.Debug|arm64.ActiveCfg = Debug|arm64
		{A3D9D773-E405-43DE-8C65-243A79B0CB77}.Debug|arm64.Build.0 = Debug|arm64
		{A3D9D773-E405-43DE-8C65-243A79B0CB77}.Debug|arm64.Deploy.0 = Debug|arm64
		{A3D9D773-E405-43DE-8C65-243A79B0CB77}.Debug|x64.ActiveCfg = Debug|x64
		{A3D9D773-E405-43DE-8C65-243A79B0CB77}.Debug|x64.Build.0 = Debug|x64
		{A3D9D773-E405-43DE-8C65-243A79B0CB77}.Debug|x64.Deploy.0 = Debug|x64
		{A3D9D773-E405-43DE-8C65-243A79B0CB77}.Debug|x86.ActiveCfg = Debug|x86
		{A3D9D773-E405-43DE-8C65-243A79B0CB77}.Debug|x86.Build.0 = Debug|x86
		{A3D9D773-E405-43DE-8C65-243A79B0CB77}.Debug|x86.Deploy.0 = Debug|x86
		{A3D9D773-E405-43DE-8C65-243A79B0CB77}.Release|Any CPU.ActiveCfg = Release|x64
		{A3D9D773-E405-43DE-8C65-243A79B0CB77}.Release|Any CPU.Build.0 = Release|x64
		{A3D9D773-E405-43DE-8C65-243A79B0CB77}.Release|Any CPU.Deploy.0 = Release|x64
		{A3D9D773-E405-43DE-8C65-243A79B0CB77}.Release|arm64.ActiveCfg = Release|arm64
		{A3D9D773-E405-43DE-8C65-243A79B0CB77}.Release|arm64.Build.0 = Release|arm64
		{A3D9D773-E405-43DE-8C65-243A79B0CB77}.Release|arm64.Deploy.0 = Release|arm64
		{A3D9D773-E405-43DE-8C65-243A79B0CB77}.Release|x64.ActiveCfg = Release|x64
		{A3D9D773-E405-43DE-8C65-243A79B0CB77}.Release|x64.Build.0 = Release|x64
		{A3D9D773-E405-43DE-8C65-243A79B0CB77}.Release|x64.Deploy.0 = Release|x64
		{A3D9D773-E405-43DE-8C65-243A79B0CB77}.Release|x86.ActiveCfg = Release|x86
		{A3D9D773-E405-43DE-8C65-243A79B0CB77}.Release|x86.Build.0 = Release|x86
		{A3D9D773-E405-43DE-8C65-243A79B0CB77}.Release|x86.Deploy.0 = Release|x86
		{56799A11-72A0-4348-856F-FCE1F51A9833}.Debug|Any CPU.ActiveCfg = Debug|x64
		{56799A11-72A0-4348-856F-FCE1F51A9833}.Debug|Any CPU.Build.0 = Debug|x64
		{56799A11-72A0-4348-856F-FCE1F51A9833}.Debug|arm64.ActiveCfg = Debug|arm64
		{56799A11-72A0-4348-856F-FCE1F51A9833}.Debug|arm64.Build.0 = Debug|arm64
		{56799A11-72A0-4348-856F-FCE1F51A9833}.Debug|x64.ActiveCfg = Debug|x64
		{56799A11-72A0-4348-856F-FCE1F51A9833}.Debug|x64.Build.0 = Debug|x64
		{56799A11-72A0-4348-856F-FCE1F51A9833}.Debug|x86.ActiveCfg = Debug|x86
		{56799A11-72A0-4348-856F-FCE1F51A9833}.Debug|x86.Build.0 = Debug|x86
		{56799A11-72A0-4348-856F-FCE1F51A9833}.Release|Any CPU.ActiveCfg = Release|x64
		{56799A11-72A0-4348-856F-FCE1F51A9833}.Release|Any CPU.Build.0 = Release|x64
		{56799A11-72A0-4348-856F-FCE1F51A9833}.Release|arm64.ActiveCfg = Release|arm64
		{56799A11-72A0-4348-856F-FCE1F51A9833}.Release|arm64.Build.0 = Release|arm64
		{56799A11-72A0-4348-856F-FCE1F51A9833}.Release|x64.ActiveCfg = Release|x64
		{56799A11-72A0-4348-856F-FCE1F51A9833}.Release|x64.Build.0 = Release|x64
		{56799A11-72A0-4348-856F-FCE1F51A9833}.Release|x86.ActiveCfg = Release|x86
		{56799A11-72A0-4348-856F-FCE1F51A9833}.Release|x86.Build.0 = Release|x86
	EndGlobalSection
	GlobalSection(SolutionProperties) = preSolution
		HideSolutionNode = FALSE
	EndGlobalSection
	GlobalSection(NestedProjects) = preSolution
		{5F8BFD8A-2476-4384-BA4B-A886BC0820B2} = {01C2EEE3-40C0-47CB-8CCC-65FB9CBE277F}
		{ADABB162-038F-4391-9794-924DB1B385B1} = {8C664489-419F-4B51-A8A8-1C36F3D9909C}
		{8E300BBC-DE83-49C4-B8A9-36CF71423E16} = {0C596BB7-D172-4367-BA85-27F93C05AF86}
		{86A77925-4230-41B9-B388-7D5336DA3395} = {69EE5B9E-C2CC-49C5-A36C-6E91DEC1E4F1}
		{F2421D96-C459-4F38-97ED-7185C51FD184} = {DA365F63-3B6D-4763-890A-1A4785A0ABCB}
		{F79F6739-CDB9-4CF8-8658-085053151C9F} = {8C664489-419F-4B51-A8A8-1C36F3D9909C}
		{7F0A00DD-CDB5-436D-85EE-84289E14F6A8} = {F9B1187C-056E-4433-86E6-229F15A58D7D}
		{6F0443B6-0319-4E98-B0C4-A8AEAAD7F31E} = {8ACF8CAB-3134-4901-819A-CE883DD5D6D3}
		{C0A625DB-98BD-4CBC-91B7-076B0312E540} = {F9B1187C-056E-4433-86E6-229F15A58D7D}
		{AFAD7B7B-DCCF-410F-BD20-3D5576F6C849} = {8ACF8CAB-3134-4901-819A-CE883DD5D6D3}
		{61B29DC7-83D0-4E06-BEB7-8117BBACE920} = {F9B1187C-056E-4433-86E6-229F15A58D7D}
		{2073084A-BDDE-4ED7-96BC-B0D257A75FA5} = {01C2EEE3-40C0-47CB-8CCC-65FB9CBE277F}
		{0C596BB7-D172-4367-BA85-27F93C05AF86} = {8C664489-419F-4B51-A8A8-1C36F3D9909C}
		{69EE5B9E-C2CC-49C5-A36C-6E91DEC1E4F1} = {8C664489-419F-4B51-A8A8-1C36F3D9909C}
		{500415A9-D923-4790-8988-235A4CF56C45} = {0C596BB7-D172-4367-BA85-27F93C05AF86}
		{47856220-406E-445C-BA7F-C8CBEE94B429} = {19B951F3-56FD-4DAC-BA15-3D54A84997ED}
		{CFD86110-0A31-4BAC-AB7B-A834897A81AE} = {69EE5B9E-C2CC-49C5-A36C-6E91DEC1E4F1}
		{645BCD1A-489C-46BE-A6EA-1A682ABE8EF0} = {69EE5B9E-C2CC-49C5-A36C-6E91DEC1E4F1}
		{4F98020D-AF39-4687-BF9C-4A95236F16EF} = {3A4E128B-DB45-49D2-A3D8-51DC45A61C4F}
		{73E079E2-251D-46AC-B7E4-3499B10397D1} = {DA365F63-3B6D-4763-890A-1A4785A0ABCB}
		{A3D9D773-E405-43DE-8C65-243A79B0CB77} = {01C2EEE3-40C0-47CB-8CCC-65FB9CBE277F}
		{56799A11-72A0-4348-856F-FCE1F51A9833} = {01C2EEE3-40C0-47CB-8CCC-65FB9CBE277F}
	EndGlobalSection
	GlobalSection(ExtensibilityGlobals) = postSolution
		SolutionGuid = {CA032551-DA23-47C8-B64B-3E67E162A4F9}
	EndGlobalSection
EndGlobal
