
Microsoft Visual Studio Solution File, Format Version 12.00
# Visual Studio Version 17
VisualStudioVersion = 17.1.32210.238
MinimumVisualStudioVersion = 10.0.40219.1
Project("{9A19103F-16F7-4668-BE54-9A1E7A4F7556}") = "SilverAudioPlayer", "SilverAudioPlayer\SilverAudioPlayer.csproj", "{5F8BFD8A-2476-4384-BA4B-A886BC0820B2}"
EndProject
Project("{9A19103F-16F7-4668-BE54-9A1E7A4F7556}") = "SilverAudioPlayer.Shared", "SilverAudioPlayer.Shared\SilverAudioPlayer.Shared.csproj", "{27C3AB0D-6A16-4171-AA05-0673F38A4650}"
EndProject
Project("{9A19103F-16F7-4668-BE54-9A1E7A4F7556}") = "SilverAudioPlayer.NAudio", "SilverAudioPlayer.NAudio\SilverAudioPlayer.NAudio.csproj", "{ADABB162-038F-4391-9794-924DB1B385B1}"
EndProject
Project("{9A19103F-16F7-4668-BE54-9A1E7A4F7556}") = "SilverAudioPlayer.SystemMediaSoundPlayer", "SilverAudioPlayer.SystemMediaSoundPlayer\SilverAudioPlayer.SystemMediaSoundPlayer.csproj", "{9B96E79D-8BE1-4AB7-BDDF-29FDB2556EAE}"
EndProject
Project("{9A19103F-16F7-4668-BE54-9A1E7A4F7556}") = "NAudio.Flac", "NAudio.Flac\NAudio.Flac.csproj", "{8E300BBC-DE83-49C4-B8A9-36CF71423E16}"
EndProject
Project("{9A19103F-16F7-4668-BE54-9A1E7A4F7556}") = "SilverAudioPlayer.Naudio.Flac", "SilverAudioPlayer.Naudio.Flac\SilverAudioPlayer.Naudio.Flac.csproj", "{86A77925-4230-41B9-B388-7D5336DA3395}"
EndProject
Project("{9A19103F-16F7-4668-BE54-9A1E7A4F7556}") = "SilverAudioPlayer.SystemMediaSoundPlayerTests", "SilverAudioPlayer.SystemMediaSoundPlayerTests\SilverAudioPlayer.SystemMediaSoundPlayerTests.csproj", "{5CC7420D-9F68-454D-9641-A52B3D871AB6}"
EndProject
Project("{9A19103F-16F7-4668-BE54-9A1E7A4F7556}") = "SilverAudioPlayer.Naudio.FlacTests", "SilverAudioPlayer.Naudio.FlacTests\SilverAudioPlayer.Naudio.FlacTests.csproj", "{E68160D1-56DD-4A81-87DA-EDB0BB07377E}"
EndProject
Project("{FAE04EC0-301F-11D3-BF4B-00C04F79EFBC}") = "SilverAudioPlayer.NAudioTests", "SilverAudioPlayer.NAudioTests\SilverAudioPlayer.NAudioTests.csproj", "{5E41D132-AE51-47B8-8351-BFEA12FFE02C}"
EndProject
Global
	GlobalSection(SolutionConfigurationPlatforms) = preSolution
		ClickOnce|Any CPU = ClickOnce|Any CPU
		Debug|Any CPU = Debug|Any CPU
		Release|Any CPU = Release|Any CPU
	EndGlobalSection
	GlobalSection(ProjectConfigurationPlatforms) = postSolution
		{5F8BFD8A-2476-4384-BA4B-A886BC0820B2}.ClickOnce|Any CPU.ActiveCfg = Release|Any CPU
		{5F8BFD8A-2476-4384-BA4B-A886BC0820B2}.ClickOnce|Any CPU.Build.0 = Release|Any CPU
		{5F8BFD8A-2476-4384-BA4B-A886BC0820B2}.Debug|Any CPU.ActiveCfg = Debug|Any CPU
		{5F8BFD8A-2476-4384-BA4B-A886BC0820B2}.Debug|Any CPU.Build.0 = Debug|Any CPU
		{5F8BFD8A-2476-4384-BA4B-A886BC0820B2}.Release|Any CPU.ActiveCfg = Release|Any CPU
		{5F8BFD8A-2476-4384-BA4B-A886BC0820B2}.Release|Any CPU.Build.0 = Release|Any CPU
		{27C3AB0D-6A16-4171-AA05-0673F38A4650}.ClickOnce|Any CPU.ActiveCfg = Release|Any CPU
		{27C3AB0D-6A16-4171-AA05-0673F38A4650}.ClickOnce|Any CPU.Build.0 = Release|Any CPU
		{27C3AB0D-6A16-4171-AA05-0673F38A4650}.Debug|Any CPU.ActiveCfg = Debug|Any CPU
		{27C3AB0D-6A16-4171-AA05-0673F38A4650}.Debug|Any CPU.Build.0 = Debug|Any CPU
		{27C3AB0D-6A16-4171-AA05-0673F38A4650}.Release|Any CPU.ActiveCfg = Release|Any CPU
		{27C3AB0D-6A16-4171-AA05-0673F38A4650}.Release|Any CPU.Build.0 = Release|Any CPU
		{ADABB162-038F-4391-9794-924DB1B385B1}.ClickOnce|Any CPU.ActiveCfg = Release|Any CPU
		{ADABB162-038F-4391-9794-924DB1B385B1}.ClickOnce|Any CPU.Build.0 = Release|Any CPU
		{ADABB162-038F-4391-9794-924DB1B385B1}.Debug|Any CPU.ActiveCfg = Debug|Any CPU
		{ADABB162-038F-4391-9794-924DB1B385B1}.Debug|Any CPU.Build.0 = Debug|Any CPU
		{ADABB162-038F-4391-9794-924DB1B385B1}.Release|Any CPU.ActiveCfg = Release|Any CPU
		{ADABB162-038F-4391-9794-924DB1B385B1}.Release|Any CPU.Build.0 = Release|Any CPU
		{9B96E79D-8BE1-4AB7-BDDF-29FDB2556EAE}.ClickOnce|Any CPU.ActiveCfg = Release|Any CPU
		{9B96E79D-8BE1-4AB7-BDDF-29FDB2556EAE}.ClickOnce|Any CPU.Build.0 = Release|Any CPU
		{9B96E79D-8BE1-4AB7-BDDF-29FDB2556EAE}.Debug|Any CPU.ActiveCfg = Debug|Any CPU
		{9B96E79D-8BE1-4AB7-BDDF-29FDB2556EAE}.Debug|Any CPU.Build.0 = Debug|Any CPU
		{9B96E79D-8BE1-4AB7-BDDF-29FDB2556EAE}.Release|Any CPU.ActiveCfg = Release|Any CPU
		{9B96E79D-8BE1-4AB7-BDDF-29FDB2556EAE}.Release|Any CPU.Build.0 = Release|Any CPU
		{8E300BBC-DE83-49C4-B8A9-36CF71423E16}.ClickOnce|Any CPU.ActiveCfg = ClickOnce|Any CPU
		{8E300BBC-DE83-49C4-B8A9-36CF71423E16}.ClickOnce|Any CPU.Build.0 = ClickOnce|Any CPU
		{8E300BBC-DE83-49C4-B8A9-36CF71423E16}.Debug|Any CPU.ActiveCfg = Debug|Any CPU
		{8E300BBC-DE83-49C4-B8A9-36CF71423E16}.Debug|Any CPU.Build.0 = Debug|Any CPU
		{8E300BBC-DE83-49C4-B8A9-36CF71423E16}.Release|Any CPU.ActiveCfg = Release|Any CPU
		{8E300BBC-DE83-49C4-B8A9-36CF71423E16}.Release|Any CPU.Build.0 = Release|Any CPU
		{86A77925-4230-41B9-B388-7D5336DA3395}.ClickOnce|Any CPU.ActiveCfg = Debug|Any CPU
		{86A77925-4230-41B9-B388-7D5336DA3395}.ClickOnce|Any CPU.Build.0 = Debug|Any CPU
		{86A77925-4230-41B9-B388-7D5336DA3395}.Debug|Any CPU.ActiveCfg = Debug|Any CPU
		{86A77925-4230-41B9-B388-7D5336DA3395}.Debug|Any CPU.Build.0 = Debug|Any CPU
		{86A77925-4230-41B9-B388-7D5336DA3395}.Release|Any CPU.ActiveCfg = Release|Any CPU
		{86A77925-4230-41B9-B388-7D5336DA3395}.Release|Any CPU.Build.0 = Release|Any CPU
		{5CC7420D-9F68-454D-9641-A52B3D871AB6}.ClickOnce|Any CPU.ActiveCfg = Debug|Any CPU
		{5CC7420D-9F68-454D-9641-A52B3D871AB6}.ClickOnce|Any CPU.Build.0 = Debug|Any CPU
		{5CC7420D-9F68-454D-9641-A52B3D871AB6}.Debug|Any CPU.ActiveCfg = Debug|Any CPU
		{5CC7420D-9F68-454D-9641-A52B3D871AB6}.Debug|Any CPU.Build.0 = Debug|Any CPU
		{5CC7420D-9F68-454D-9641-A52B3D871AB6}.Release|Any CPU.ActiveCfg = Release|Any CPU
		{5CC7420D-9F68-454D-9641-A52B3D871AB6}.Release|Any CPU.Build.0 = Release|Any CPU
		{E68160D1-56DD-4A81-87DA-EDB0BB07377E}.ClickOnce|Any CPU.ActiveCfg = Debug|Any CPU
		{E68160D1-56DD-4A81-87DA-EDB0BB07377E}.ClickOnce|Any CPU.Build.0 = Debug|Any CPU
		{E68160D1-56DD-4A81-87DA-EDB0BB07377E}.Debug|Any CPU.ActiveCfg = Debug|Any CPU
		{E68160D1-56DD-4A81-87DA-EDB0BB07377E}.Debug|Any CPU.Build.0 = Debug|Any CPU
		{E68160D1-56DD-4A81-87DA-EDB0BB07377E}.Release|Any CPU.ActiveCfg = Release|Any CPU
		{E68160D1-56DD-4A81-87DA-EDB0BB07377E}.Release|Any CPU.Build.0 = Release|Any CPU
		{5E41D132-AE51-47B8-8351-BFEA12FFE02C}.ClickOnce|Any CPU.ActiveCfg = Debug|Any CPU
		{5E41D132-AE51-47B8-8351-BFEA12FFE02C}.ClickOnce|Any CPU.Build.0 = Debug|Any CPU
		{5E41D132-AE51-47B8-8351-BFEA12FFE02C}.Debug|Any CPU.ActiveCfg = Debug|Any CPU
		{5E41D132-AE51-47B8-8351-BFEA12FFE02C}.Debug|Any CPU.Build.0 = Debug|Any CPU
		{5E41D132-AE51-47B8-8351-BFEA12FFE02C}.Release|Any CPU.ActiveCfg = Release|Any CPU
		{5E41D132-AE51-47B8-8351-BFEA12FFE02C}.Release|Any CPU.Build.0 = Release|Any CPU
	EndGlobalSection
	GlobalSection(SolutionProperties) = preSolution
		HideSolutionNode = FALSE
	EndGlobalSection
	GlobalSection(ExtensibilityGlobals) = postSolution
		SolutionGuid = {CA032551-DA23-47C8-B64B-3E67E162A4F9}
	EndGlobalSection
EndGlobal
